// !$*UTF8*$!
{
	archiveVersion = 1;
	classes = {
	};
	objectVersion = 46;
	objects = {

/* Begin PBXBuildFile section */
		FAF9801AAC291C8780103A68 /* Pods_TimeCapturor.framework in Frameworks */ = {isa = PBXBuildFile; fileRef = 79A988BEAF777D7974C65D7C /* Pods_TimeCapturor.framework */; };
		FE0CF3471C2FC7090026CDEB /* GenereteVideo.swift in Sources */ = {isa = PBXBuildFile; fileRef = FE0CF3461C2FC7090026CDEB /* GenereteVideo.swift */; };
		FE11814A1C333D5500FECF8A /* SettingViewController.swift in Sources */ = {isa = PBXBuildFile; fileRef = FE1181491C333D5500FECF8A /* SettingViewController.swift */; };
		FE11814C1C33EEF300FECF8A /* VideoViewController.swift in Sources */ = {isa = PBXBuildFile; fileRef = FE11814B1C33EEF300FECF8A /* VideoViewController.swift */; };
		FE11814E1C34897D00FECF8A /* UIButtonExt.swift in Sources */ = {isa = PBXBuildFile; fileRef = FE11814D1C34897D00FECF8A /* UIButtonExt.swift */; };
		FE1181981C36648B00FECF8A /* Categories.m in Sources */ = {isa = PBXBuildFile; fileRef = FE1181951C36648B00FECF8A /* Categories.m */; };
		FE1181991C36648B00FECF8A /* KPTimePicker.m in Sources */ = {isa = PBXBuildFile; fileRef = FE1181971C36648B00FECF8A /* KPTimePicker.m */; };
		FE1181A81C3664BB00FECF8A /* checkmark_icon_white.png in Resources */ = {isa = PBXBuildFile; fileRef = FE11819B1C3664BB00FECF8A /* checkmark_icon_white.png */; };
		FE1181A91C3664BB00FECF8A /* checkmark_icon_white@2x.png in Resources */ = {isa = PBXBuildFile; fileRef = FE11819C1C3664BB00FECF8A /* checkmark_icon_white@2x.png */; };
		FE1181AA1C3664BB00FECF8A /* picker_wheel@2x.png in Resources */ = {isa = PBXBuildFile; fileRef = FE11819D1C3664BB00FECF8A /* picker_wheel@2x.png */; };
		FE1181AB1C3664BB00FECF8A /* picker_wheel_ip4.png in Resources */ = {isa = PBXBuildFile; fileRef = FE11819E1C3664BB00FECF8A /* picker_wheel_ip4.png */; };
		FE1181AC1C3664BB00FECF8A /* picker_wheel_ip4@2x.png in Resources */ = {isa = PBXBuildFile; fileRef = FE11819F1C3664BB00FECF8A /* picker_wheel_ip4@2x.png */; };
		FE1181AD1C3664BB00FECF8A /* round_backarrow_big-high.png in Resources */ = {isa = PBXBuildFile; fileRef = FE1181A01C3664BB00FECF8A /* round_backarrow_big-high.png */; };
		FE1181AE1C3664BB00FECF8A /* round_backarrow_big-high@2x.png in Resources */ = {isa = PBXBuildFile; fileRef = FE1181A11C3664BB00FECF8A /* round_backarrow_big-high@2x.png */; };
		FE1181AF1C3664BB00FECF8A /* round_backarrow_big.png in Resources */ = {isa = PBXBuildFile; fileRef = FE1181A21C3664BB00FECF8A /* round_backarrow_big.png */; };
		FE1181B01C3664BB00FECF8A /* round_backarrow_big@2x.png in Resources */ = {isa = PBXBuildFile; fileRef = FE1181A31C3664BB00FECF8A /* round_backarrow_big@2x.png */; };
		FE1181B11C3664BB00FECF8A /* schedule_image_moon-high.png in Resources */ = {isa = PBXBuildFile; fileRef = FE1181A41C3664BB00FECF8A /* schedule_image_moon-high.png */; };
		FE1181B21C3664BB00FECF8A /* schedule_image_moon-high@2x.png in Resources */ = {isa = PBXBuildFile; fileRef = FE1181A51C3664BB00FECF8A /* schedule_image_moon-high@2x.png */; };
		FE1181B31C3664BB00FECF8A /* schedule_image_sun-high.png in Resources */ = {isa = PBXBuildFile; fileRef = FE1181A61C3664BB00FECF8A /* schedule_image_sun-high.png */; };
		FE1181B41C3664BB00FECF8A /* schedule_image_sun-high@2x.png in Resources */ = {isa = PBXBuildFile; fileRef = FE1181A71C3664BB00FECF8A /* schedule_image_sun-high@2x.png */; };
		FE397D5B1C30A82200C76CBE /* ProgressViewController.swift in Sources */ = {isa = PBXBuildFile; fileRef = FE397D5A1C30A82200C76CBE /* ProgressViewController.swift */; };
		FE4DDE731C29DDF400F7A328 /* XMCCamera.swift in Sources */ = {isa = PBXBuildFile; fileRef = FE4DDE711C29DDF400F7A328 /* XMCCamera.swift */; };
		FE4DDE741C29DDF400F7A328 /* XMCCameraViewController.swift in Sources */ = {isa = PBXBuildFile; fileRef = FE4DDE721C29DDF400F7A328 /* XMCCameraViewController.swift */; };
		FE55C22C1C312CC300ADCE6F /* SweetAlert.swift in Sources */ = {isa = PBXBuildFile; fileRef = FE55C22B1C312CC300ADCE6F /* SweetAlert.swift */; };
		FE56C1BB1C2B2D4500F24B32 /* UIImageExtentGif.swift in Sources */ = {isa = PBXBuildFile; fileRef = FE56C1BA1C2B2D4500F24B32 /* UIImageExtentGif.swift */; };
		FE56C1BD1C2B2D6E00F24B32 /* GIFViewController.swift in Sources */ = {isa = PBXBuildFile; fileRef = FE56C1BC1C2B2D6E00F24B32 /* GIFViewController.swift */; };
		FE56C1C11C2B4A4100F24B32 /* MagicMoveTransion.swift in Sources */ = {isa = PBXBuildFile; fileRef = FE56C1C01C2B4A4100F24B32 /* MagicMoveTransion.swift */; };
		FE56C1C31C2B4D0400F24B32 /* MagicMovePopTransion.swift in Sources */ = {isa = PBXBuildFile; fileRef = FE56C1C21C2B4D0400F24B32 /* MagicMovePopTransion.swift */; };
		FE56C1C61C2B599C00F24B32 /* FadeAnimator.swift in Sources */ = {isa = PBXBuildFile; fileRef = FE56C1C51C2B599C00F24B32 /* FadeAnimator.swift */; };
		FE56C1C81C2B5F4A00F24B32 /* AlbumData.swift in Sources */ = {isa = PBXBuildFile; fileRef = FE56C1C71C2B5F4A00F24B32 /* AlbumData.swift */; };
		FE96F3921C391FF00000C70B /* DKCircleButton.m in Sources */ = {isa = PBXBuildFile; fileRef = FE96F3911C391FF00000C70B /* DKCircleButton.m */; };
		FE96F3941C39E0660000C70B /* ARNTransitionAnimator.swift in Sources */ = {isa = PBXBuildFile; fileRef = FE96F3931C39E0660000C70B /* ARNTransitionAnimator.swift */; };
		FEA216E11C28626E008F07F0 /* AppDelegate.swift in Sources */ = {isa = PBXBuildFile; fileRef = FEA216E01C28626E008F07F0 /* AppDelegate.swift */; };
		FEA216E31C28626E008F07F0 /* ViewController.swift in Sources */ = {isa = PBXBuildFile; fileRef = FEA216E21C28626E008F07F0 /* ViewController.swift */; };
		FEA216E61C28626E008F07F0 /* Main.storyboard in Resources */ = {isa = PBXBuildFile; fileRef = FEA216E41C28626E008F07F0 /* Main.storyboard */; };
		FEA216E81C28626E008F07F0 /* Assets.xcassets in Resources */ = {isa = PBXBuildFile; fileRef = FEA216E71C28626E008F07F0 /* Assets.xcassets */; };
		FEA216EB1C28626E008F07F0 /* LaunchScreen.storyboard in Resources */ = {isa = PBXBuildFile; fileRef = FEA216E91C28626E008F07F0 /* LaunchScreen.storyboard */; };
		FEA216F31C28703B008F07F0 /* CollectionViewCell.swift in Sources */ = {isa = PBXBuildFile; fileRef = FEA216F21C28703B008F07F0 /* CollectionViewCell.swift */; };
		FEA216F51C287052008F07F0 /* NewViewController.swift in Sources */ = {isa = PBXBuildFile; fileRef = FEA216F41C287052008F07F0 /* NewViewController.swift */; };
		FEF0DC241C373D82002BBE67 /* LocalNotification.swift in Sources */ = {isa = PBXBuildFile; fileRef = FEF0DC231C373D81002BBE67 /* LocalNotification.swift */; };
		FEF0DC261C37D3DE002BBE67 /* GenereteGIF.swift in Sources */ = {isa = PBXBuildFile; fileRef = FEF0DC251C37D3DD002BBE67 /* GenereteGIF.swift */; };
/* End PBXBuildFile section */

/* Begin PBXFileReference section */
		0B82CAE82098F9942F5A410A /* Pods-TimeCapturor.debug.xcconfig */ = {isa = PBXFileReference; includeInIndex = 1; lastKnownFileType = text.xcconfig; name = "Pods-TimeCapturor.debug.xcconfig"; path = "Pods/Target Support Files/Pods-TimeCapturor/Pods-TimeCapturor.debug.xcconfig"; sourceTree = "<group>"; };
		2DAACF8754B67265522B5A8E /* Pods-TimeCapturor.release.xcconfig */ = {isa = PBXFileReference; includeInIndex = 1; lastKnownFileType = text.xcconfig; name = "Pods-TimeCapturor.release.xcconfig"; path = "Pods/Target Support Files/Pods-TimeCapturor/Pods-TimeCapturor.release.xcconfig"; sourceTree = "<group>"; };
		79A988BEAF777D7974C65D7C /* Pods_TimeCapturor.framework */ = {isa = PBXFileReference; explicitFileType = wrapper.framework; includeInIndex = 0; path = Pods_TimeCapturor.framework; sourceTree = BUILT_PRODUCTS_DIR; };
		FE0CF3461C2FC7090026CDEB /* GenereteVideo.swift */ = {isa = PBXFileReference; fileEncoding = 4; lastKnownFileType = sourcecode.swift; path = GenereteVideo.swift; sourceTree = "<group>"; };
		FE1181491C333D5500FECF8A /* SettingViewController.swift */ = {isa = PBXFileReference; fileEncoding = 4; lastKnownFileType = sourcecode.swift; path = SettingViewController.swift; sourceTree = "<group>"; };
		FE11814B1C33EEF300FECF8A /* VideoViewController.swift */ = {isa = PBXFileReference; fileEncoding = 4; lastKnownFileType = sourcecode.swift; path = VideoViewController.swift; sourceTree = "<group>"; };
		FE11814D1C34897D00FECF8A /* UIButtonExt.swift */ = {isa = PBXFileReference; fileEncoding = 4; lastKnownFileType = sourcecode.swift; path = UIButtonExt.swift; sourceTree = "<group>"; };
		FE1181931C36648A00FECF8A /* TimeCapturor-Bridging-Header.h */ = {isa = PBXFileReference; lastKnownFileType = sourcecode.c.h; path = "TimeCapturor-Bridging-Header.h"; sourceTree = "<group>"; };
		FE1181941C36648B00FECF8A /* Categories.h */ = {isa = PBXFileReference; fileEncoding = 4; lastKnownFileType = sourcecode.c.h; path = Categories.h; sourceTree = "<group>"; };
		FE1181951C36648B00FECF8A /* Categories.m */ = {isa = PBXFileReference; fileEncoding = 4; lastKnownFileType = sourcecode.c.objc; path = Categories.m; sourceTree = "<group>"; };
		FE1181961C36648B00FECF8A /* KPTimePicker.h */ = {isa = PBXFileReference; fileEncoding = 4; lastKnownFileType = sourcecode.c.h; path = KPTimePicker.h; sourceTree = "<group>"; };
		FE1181971C36648B00FECF8A /* KPTimePicker.m */ = {isa = PBXFileReference; fileEncoding = 4; lastKnownFileType = sourcecode.c.objc; path = KPTimePicker.m; sourceTree = "<group>"; };
		FE11819B1C3664BB00FECF8A /* checkmark_icon_white.png */ = {isa = PBXFileReference; lastKnownFileType = image.png; path = checkmark_icon_white.png; sourceTree = "<group>"; };
		FE11819C1C3664BB00FECF8A /* checkmark_icon_white@2x.png */ = {isa = PBXFileReference; lastKnownFileType = image.png; path = "checkmark_icon_white@2x.png"; sourceTree = "<group>"; };
		FE11819D1C3664BB00FECF8A /* picker_wheel@2x.png */ = {isa = PBXFileReference; lastKnownFileType = image.png; path = "picker_wheel@2x.png"; sourceTree = "<group>"; };
		FE11819E1C3664BB00FECF8A /* picker_wheel_ip4.png */ = {isa = PBXFileReference; lastKnownFileType = image.png; path = picker_wheel_ip4.png; sourceTree = "<group>"; };
		FE11819F1C3664BB00FECF8A /* picker_wheel_ip4@2x.png */ = {isa = PBXFileReference; lastKnownFileType = image.png; path = "picker_wheel_ip4@2x.png"; sourceTree = "<group>"; };
		FE1181A01C3664BB00FECF8A /* round_backarrow_big-high.png */ = {isa = PBXFileReference; lastKnownFileType = image.png; path = "round_backarrow_big-high.png"; sourceTree = "<group>"; };
		FE1181A11C3664BB00FECF8A /* round_backarrow_big-high@2x.png */ = {isa = PBXFileReference; lastKnownFileType = image.png; path = "round_backarrow_big-high@2x.png"; sourceTree = "<group>"; };
		FE1181A21C3664BB00FECF8A /* round_backarrow_big.png */ = {isa = PBXFileReference; lastKnownFileType = image.png; path = round_backarrow_big.png; sourceTree = "<group>"; };
		FE1181A31C3664BB00FECF8A /* round_backarrow_big@2x.png */ = {isa = PBXFileReference; lastKnownFileType = image.png; path = "round_backarrow_big@2x.png"; sourceTree = "<group>"; };
		FE1181A41C3664BB00FECF8A /* schedule_image_moon-high.png */ = {isa = PBXFileReference; lastKnownFileType = image.png; path = "schedule_image_moon-high.png"; sourceTree = "<group>"; };
		FE1181A51C3664BB00FECF8A /* schedule_image_moon-high@2x.png */ = {isa = PBXFileReference; lastKnownFileType = image.png; path = "schedule_image_moon-high@2x.png"; sourceTree = "<group>"; };
		FE1181A61C3664BB00FECF8A /* schedule_image_sun-high.png */ = {isa = PBXFileReference; lastKnownFileType = image.png; path = "schedule_image_sun-high.png"; sourceTree = "<group>"; };
		FE1181A71C3664BB00FECF8A /* schedule_image_sun-high@2x.png */ = {isa = PBXFileReference; lastKnownFileType = image.png; path = "schedule_image_sun-high@2x.png"; sourceTree = "<group>"; };
		FE397D5A1C30A82200C76CBE /* ProgressViewController.swift */ = {isa = PBXFileReference; fileEncoding = 4; lastKnownFileType = sourcecode.swift; path = ProgressViewController.swift; sourceTree = "<group>"; };
		FE4DDE711C29DDF400F7A328 /* XMCCamera.swift */ = {isa = PBXFileReference; fileEncoding = 4; lastKnownFileType = sourcecode.swift; path = XMCCamera.swift; sourceTree = "<group>"; };
		FE4DDE721C29DDF400F7A328 /* XMCCameraViewController.swift */ = {isa = PBXFileReference; fileEncoding = 4; lastKnownFileType = sourcecode.swift; path = XMCCameraViewController.swift; sourceTree = "<group>"; };
		FE55C22B1C312CC300ADCE6F /* SweetAlert.swift */ = {isa = PBXFileReference; fileEncoding = 4; lastKnownFileType = sourcecode.swift; path = SweetAlert.swift; sourceTree = "<group>"; };
		FE56C1BA1C2B2D4500F24B32 /* UIImageExtentGif.swift */ = {isa = PBXFileReference; fileEncoding = 4; lastKnownFileType = sourcecode.swift; path = UIImageExtentGif.swift; sourceTree = "<group>"; };
		FE56C1BC1C2B2D6E00F24B32 /* GIFViewController.swift */ = {isa = PBXFileReference; fileEncoding = 4; lastKnownFileType = sourcecode.swift; path = GIFViewController.swift; sourceTree = "<group>"; };
		FE56C1C01C2B4A4100F24B32 /* MagicMoveTransion.swift */ = {isa = PBXFileReference; fileEncoding = 4; lastKnownFileType = sourcecode.swift; path = MagicMoveTransion.swift; sourceTree = "<group>"; };
		FE56C1C21C2B4D0400F24B32 /* MagicMovePopTransion.swift */ = {isa = PBXFileReference; fileEncoding = 4; lastKnownFileType = sourcecode.swift; path = MagicMovePopTransion.swift; sourceTree = "<group>"; };
		FE56C1C51C2B599C00F24B32 /* FadeAnimator.swift */ = {isa = PBXFileReference; fileEncoding = 4; lastKnownFileType = sourcecode.swift; path = FadeAnimator.swift; sourceTree = "<group>"; };
		FE56C1C71C2B5F4A00F24B32 /* AlbumData.swift */ = {isa = PBXFileReference; fileEncoding = 4; lastKnownFileType = sourcecode.swift; path = AlbumData.swift; sourceTree = "<group>"; };
		FE96F3901C391FF00000C70B /* DKCircleButton.h */ = {isa = PBXFileReference; fileEncoding = 4; lastKnownFileType = sourcecode.c.h; path = DKCircleButton.h; sourceTree = "<group>"; };
		FE96F3911C391FF00000C70B /* DKCircleButton.m */ = {isa = PBXFileReference; fileEncoding = 4; lastKnownFileType = sourcecode.c.objc; path = DKCircleButton.m; sourceTree = "<group>"; };
		FE96F3931C39E0660000C70B /* ARNTransitionAnimator.swift */ = {isa = PBXFileReference; fileEncoding = 4; lastKnownFileType = sourcecode.swift; path = ARNTransitionAnimator.swift; sourceTree = "<group>"; };
		FE96F3951C39E0760000C70B /* ARNTransitionAnimator.h */ = {isa = PBXFileReference; lastKnownFileType = sourcecode.c.h; path = ARNTransitionAnimator.h; sourceTree = "<group>"; };
		FEA216DD1C28626E008F07F0 /* TimeCapturor.app */ = {isa = PBXFileReference; explicitFileType = wrapper.application; includeInIndex = 0; path = TimeCapturor.app; sourceTree = BUILT_PRODUCTS_DIR; };
		FEA216E01C28626E008F07F0 /* AppDelegate.swift */ = {isa = PBXFileReference; lastKnownFileType = sourcecode.swift; path = AppDelegate.swift; sourceTree = "<group>"; };
		FEA216E21C28626E008F07F0 /* ViewController.swift */ = {isa = PBXFileReference; lastKnownFileType = sourcecode.swift; path = ViewController.swift; sourceTree = "<group>"; };
		FEA216E51C28626E008F07F0 /* Base */ = {isa = PBXFileReference; lastKnownFileType = file.storyboard; name = Base; path = Base.lproj/Main.storyboard; sourceTree = "<group>"; };
		FEA216E71C28626E008F07F0 /* Assets.xcassets */ = {isa = PBXFileReference; lastKnownFileType = folder.assetcatalog; path = Assets.xcassets; sourceTree = "<group>"; };
		FEA216EA1C28626E008F07F0 /* Base */ = {isa = PBXFileReference; lastKnownFileType = file.storyboard; name = Base; path = Base.lproj/LaunchScreen.storyboard; sourceTree = "<group>"; };
		FEA216EC1C28626E008F07F0 /* Info.plist */ = {isa = PBXFileReference; lastKnownFileType = text.plist.xml; path = Info.plist; sourceTree = "<group>"; };
		FEA216F21C28703B008F07F0 /* CollectionViewCell.swift */ = {isa = PBXFileReference; fileEncoding = 4; lastKnownFileType = sourcecode.swift; path = CollectionViewCell.swift; sourceTree = "<group>"; };
		FEA216F41C287052008F07F0 /* NewViewController.swift */ = {isa = PBXFileReference; fileEncoding = 4; lastKnownFileType = sourcecode.swift; path = NewViewController.swift; sourceTree = "<group>"; };
		FEF0DC231C373D81002BBE67 /* LocalNotification.swift */ = {isa = PBXFileReference; fileEncoding = 4; lastKnownFileType = sourcecode.swift; path = LocalNotification.swift; sourceTree = "<group>"; };
		FEF0DC251C37D3DD002BBE67 /* GenereteGIF.swift */ = {isa = PBXFileReference; fileEncoding = 4; lastKnownFileType = sourcecode.swift; path = GenereteGIF.swift; sourceTree = "<group>"; };
/* End PBXFileReference section */

/* Begin PBXFrameworksBuildPhase section */
		FEA216DA1C28626E008F07F0 /* Frameworks */ = {
			isa = PBXFrameworksBuildPhase;
			buildActionMask = 2147483647;
			files = (
				FAF9801AAC291C8780103A68 /* Pods_TimeCapturor.framework in Frameworks */,
			);
			runOnlyForDeploymentPostprocessing = 0;
		};
/* End PBXFrameworksBuildPhase section */

/* Begin PBXGroup section */
		9BE21706FCB162C15F6C90D0 /* Pods */ = {
			isa = PBXGroup;
			children = (
				0B82CAE82098F9942F5A410A /* Pods-TimeCapturor.debug.xcconfig */,
				2DAACF8754B67265522B5A8E /* Pods-TimeCapturor.release.xcconfig */,
			);
			name = Pods;
			sourceTree = "<group>";
		};
		C45D751A51A042B7CD419DA4 /* Frameworks */ = {
			isa = PBXGroup;
			children = (
				79A988BEAF777D7974C65D7C /* Pods_TimeCapturor.framework */,
			);
			name = Frameworks;
			sourceTree = "<group>";
		};
		FE0CF3481C30A1A80026CDEB /* MainPage */ = {
			isa = PBXGroup;
			children = (
				FEA216F21C28703B008F07F0 /* CollectionViewCell.swift */,
				FEA216E41C28626E008F07F0 /* Main.storyboard */,
				FEA216E21C28626E008F07F0 /* ViewController.swift */,
			);
			name = MainPage;
			sourceTree = "<group>";
		};
		FE0CF3491C30A1C40026CDEB /* ImageManage */ = {
			isa = PBXGroup;
			children = (
				FEA216F41C287052008F07F0 /* NewViewController.swift */,
			);
			name = ImageManage;
			sourceTree = "<group>";
		};
		FE0CF34A1C30A1E30026CDEB /* supportFile */ = {
			isa = PBXGroup;
			children = (
				FEA216E01C28626E008F07F0 /* AppDelegate.swift */,
				FEA216E71C28626E008F07F0 /* Assets.xcassets */,
				FEA216EC1C28626E008F07F0 /* Info.plist */,
				FEA216E91C28626E008F07F0 /* LaunchScreen.storyboard */,
			);
			name = supportFile;
			sourceTree = "<group>";
		};
		FE1181921C36645800FECF8A /* TimePicker */ = {
			isa = PBXGroup;
			children = (
				FE11819A1C3664A800FECF8A /* images */,
				FE1181941C36648B00FECF8A /* Categories.h */,
				FE1181951C36648B00FECF8A /* Categories.m */,
				FE1181961C36648B00FECF8A /* KPTimePicker.h */,
				FE1181971C36648B00FECF8A /* KPTimePicker.m */,
				FE1181931C36648A00FECF8A /* TimeCapturor-Bridging-Header.h */,
				FEF0DC231C373D81002BBE67 /* LocalNotification.swift */,
			);
			name = TimePicker;
			sourceTree = "<group>";
		};
		FE11819A1C3664A800FECF8A /* images */ = {
			isa = PBXGroup;
			children = (
				FE11819B1C3664BB00FECF8A /* checkmark_icon_white.png */,
				FE11819C1C3664BB00FECF8A /* checkmark_icon_white@2x.png */,
				FE11819D1C3664BB00FECF8A /* picker_wheel@2x.png */,
				FE11819E1C3664BB00FECF8A /* picker_wheel_ip4.png */,
				FE11819F1C3664BB00FECF8A /* picker_wheel_ip4@2x.png */,
				FE1181A01C3664BB00FECF8A /* round_backarrow_big-high.png */,
				FE1181A11C3664BB00FECF8A /* round_backarrow_big-high@2x.png */,
				FE1181A21C3664BB00FECF8A /* round_backarrow_big.png */,
				FE1181A31C3664BB00FECF8A /* round_backarrow_big@2x.png */,
				FE1181A41C3664BB00FECF8A /* schedule_image_moon-high.png */,
				FE1181A51C3664BB00FECF8A /* schedule_image_moon-high@2x.png */,
				FE1181A61C3664BB00FECF8A /* schedule_image_sun-high.png */,
				FE1181A71C3664BB00FECF8A /* schedule_image_sun-high@2x.png */,
			);
			name = images;
			sourceTree = "<group>";
		};
		FE397D591C30A3F300C76CBE /* DataModle */ = {
			isa = PBXGroup;
			children = (
				FE56C1C71C2B5F4A00F24B32 /* AlbumData.swift */,
			);
			name = DataModle;
			sourceTree = "<group>";
		};
		FE56C1B81C2B2D1000F24B32 /* camera */ = {
			isa = PBXGroup;
			children = (
				FE4DDE721C29DDF400F7A328 /* XMCCameraViewController.swift */,
				FE4DDE711C29DDF400F7A328 /* XMCCamera.swift */,
			);
			name = camera;
			sourceTree = "<group>";
		};
		FE56C1B91C2B2D3300F24B32 /* generating */ = {
			isa = PBXGroup;
			children = (
				FE397D5A1C30A82200C76CBE /* ProgressViewController.swift */,
				FE0CF3461C2FC7090026CDEB /* GenereteVideo.swift */,
				FEF0DC251C37D3DD002BBE67 /* GenereteGIF.swift */,
				FE56C1BA1C2B2D4500F24B32 /* UIImageExtentGif.swift */,
				FE1181491C333D5500FECF8A /* SettingViewController.swift */,
				FE56C1BC1C2B2D6E00F24B32 /* GIFViewController.swift */,
				FE11814B1C33EEF300FECF8A /* VideoViewController.swift */,
				FE11814D1C34897D00FECF8A /* UIButtonExt.swift */,
			);
			name = generating;
			sourceTree = "<group>";
		};
		FE56C1C41C2B591300F24B32 /* transition */ = {
			isa = PBXGroup;
			children = (
				FE55C22B1C312CC300ADCE6F /* SweetAlert.swift */,
				FE96F3951C39E0760000C70B /* ARNTransitionAnimator.h */,
				FE96F3931C39E0660000C70B /* ARNTransitionAnimator.swift */,
				FE56C1C21C2B4D0400F24B32 /* MagicMovePopTransion.swift */,
				FE56C1C01C2B4A4100F24B32 /* MagicMoveTransion.swift */,
				FE56C1C51C2B599C00F24B32 /* FadeAnimator.swift */,
			);
			name = transition;
			sourceTree = "<group>";
		};
		FE96F38F1C391FDB0000C70B /* CircleButton */ = {
			isa = PBXGroup;
			children = (
				FE96F3901C391FF00000C70B /* DKCircleButton.h */,
				FE96F3911C391FF00000C70B /* DKCircleButton.m */,
			);
			name = CircleButton;
			sourceTree = "<group>";
		};
		FEA216D41C28626E008F07F0 = {
			isa = PBXGroup;
			children = (
				FEA216DF1C28626E008F07F0 /* TimeCapturor */,
				FEA216DE1C28626E008F07F0 /* Products */,
				9BE21706FCB162C15F6C90D0 /* Pods */,
				C45D751A51A042B7CD419DA4 /* Frameworks */,
			);
			sourceTree = "<group>";
		};
		FEA216DE1C28626E008F07F0 /* Products */ = {
			isa = PBXGroup;
			children = (
				FEA216DD1C28626E008F07F0 /* TimeCapturor.app */,
			);
			name = Products;
			sourceTree = "<group>";
		};
		FEA216DF1C28626E008F07F0 /* TimeCapturor */ = {
			isa = PBXGroup;
			children = (
				FE96F38F1C391FDB0000C70B /* CircleButton */,
				FE1181921C36645800FECF8A /* TimePicker */,
				FE397D591C30A3F300C76CBE /* DataModle */,
				FE0CF34A1C30A1E30026CDEB /* supportFile */,
				FE0CF3491C30A1C40026CDEB /* ImageManage */,
				FE56C1C41C2B591300F24B32 /* transition */,
				FE56C1B91C2B2D3300F24B32 /* generating */,
				FE0CF3481C30A1A80026CDEB /* MainPage */,
				FE56C1B81C2B2D1000F24B32 /* camera */,
			);
			path = TimeCapturor;
			sourceTree = "<group>";
		};
/* End PBXGroup section */

/* Begin PBXNativeTarget section */
		FEA216DC1C28626E008F07F0 /* TimeCapturor */ = {
			isa = PBXNativeTarget;
			buildConfigurationList = FEA216EF1C28626E008F07F0 /* Build configuration list for PBXNativeTarget "TimeCapturor" */;
			buildPhases = (
				D461BBBAB0F9B7D884FAEEA4 /* Check Pods Manifest.lock */,
				FEA216D91C28626E008F07F0 /* Sources */,
				FEA216DA1C28626E008F07F0 /* Frameworks */,
				FEA216DB1C28626E008F07F0 /* Resources */,
				42CBF82DCF912CA5DF712B3D /* Embed Pods Frameworks */,
				F828736CBD0A98FC1F81BB04 /* Copy Pods Resources */,
			);
			buildRules = (
			);
			dependencies = (
			);
			name = TimeCapturor;
			productName = TimeCapturor;
			productReference = FEA216DD1C28626E008F07F0 /* TimeCapturor.app */;
			productType = "com.apple.product-type.application";
		};
/* End PBXNativeTarget section */

/* Begin PBXProject section */
		FEA216D51C28626E008F07F0 /* Project object */ = {
			isa = PBXProject;
			attributes = {
				LastSwiftUpdateCheck = 0720;
				LastUpgradeCheck = 0720;
				ORGANIZATIONNAME = TengfeiYang;
				TargetAttributes = {
					FEA216DC1C28626E008F07F0 = {
						CreatedOnToolsVersion = 7.2;
						DevelopmentTeam = 3DDKK2S8A9;
					};
				};
			};
			buildConfigurationList = FEA216D81C28626E008F07F0 /* Build configuration list for PBXProject "TimeCapturor" */;
			compatibilityVersion = "Xcode 3.2";
			developmentRegion = English;
			hasScannedForEncodings = 0;
			knownRegions = (
				en,
				Base,
			);
			mainGroup = FEA216D41C28626E008F07F0;
			productRefGroup = FEA216DE1C28626E008F07F0 /* Products */;
			projectDirPath = "";
			projectRoot = "";
			targets = (
				FEA216DC1C28626E008F07F0 /* TimeCapturor */,
			);
		};
/* End PBXProject section */

/* Begin PBXResourcesBuildPhase section */
		FEA216DB1C28626E008F07F0 /* Resources */ = {
			isa = PBXResourcesBuildPhase;
			buildActionMask = 2147483647;
			files = (
				FE1181B31C3664BB00FECF8A /* schedule_image_sun-high.png in Resources */,
				FE1181AA1C3664BB00FECF8A /* picker_wheel@2x.png in Resources */,
				FE1181AB1C3664BB00FECF8A /* picker_wheel_ip4.png in Resources */,
				FE1181AC1C3664BB00FECF8A /* picker_wheel_ip4@2x.png in Resources */,
				FE1181B01C3664BB00FECF8A /* round_backarrow_big@2x.png in Resources */,
				FE1181A81C3664BB00FECF8A /* checkmark_icon_white.png in Resources */,
				FEA216EB1C28626E008F07F0 /* LaunchScreen.storyboard in Resources */,
				FE1181B11C3664BB00FECF8A /* schedule_image_moon-high.png in Resources */,
				FE1181AF1C3664BB00FECF8A /* round_backarrow_big.png in Resources */,
				FE1181B21C3664BB00FECF8A /* schedule_image_moon-high@2x.png in Resources */,
				FE1181A91C3664BB00FECF8A /* checkmark_icon_white@2x.png in Resources */,
				FEA216E81C28626E008F07F0 /* Assets.xcassets in Resources */,
				FE1181B41C3664BB00FECF8A /* schedule_image_sun-high@2x.png in Resources */,
				FE1181AE1C3664BB00FECF8A /* round_backarrow_big-high@2x.png in Resources */,
				FEA216E61C28626E008F07F0 /* Main.storyboard in Resources */,
				FE1181AD1C3664BB00FECF8A /* round_backarrow_big-high.png in Resources */,
			);
			runOnlyForDeploymentPostprocessing = 0;
		};
/* End PBXResourcesBuildPhase section */

/* Begin PBXShellScriptBuildPhase section */
		42CBF82DCF912CA5DF712B3D /* Embed Pods Frameworks */ = {
			isa = PBXShellScriptBuildPhase;
			buildActionMask = 2147483647;
			files = (
			);
			inputPaths = (
			);
			name = "Embed Pods Frameworks";
			outputPaths = (
			);
			runOnlyForDeploymentPostprocessing = 0;
			shellPath = /bin/sh;
			shellScript = "\"${SRCROOT}/Pods/Target Support Files/Pods-TimeCapturor/Pods-TimeCapturor-frameworks.sh\"\n";
			showEnvVarsInLog = 0;
		};
		D461BBBAB0F9B7D884FAEEA4 /* Check Pods Manifest.lock */ = {
			isa = PBXShellScriptBuildPhase;
			buildActionMask = 2147483647;
			files = (
			);
			inputPaths = (
			);
			name = "Check Pods Manifest.lock";
			outputPaths = (
			);
			runOnlyForDeploymentPostprocessing = 0;
			shellPath = /bin/sh;
			shellScript = "diff \"${PODS_ROOT}/../Podfile.lock\" \"${PODS_ROOT}/Manifest.lock\" > /dev/null\nif [[ $? != 0 ]] ; then\n    cat << EOM\nerror: The sandbox is not in sync with the Podfile.lock. Run 'pod install' or update your CocoaPods installation.\nEOM\n    exit 1\nfi\n";
			showEnvVarsInLog = 0;
		};
		F828736CBD0A98FC1F81BB04 /* Copy Pods Resources */ = {
			isa = PBXShellScriptBuildPhase;
			buildActionMask = 2147483647;
			files = (
			);
			inputPaths = (
			);
			name = "Copy Pods Resources";
			outputPaths = (
			);
			runOnlyForDeploymentPostprocessing = 0;
			shellPath = /bin/sh;
			shellScript = "\"${SRCROOT}/Pods/Target Support Files/Pods-TimeCapturor/Pods-TimeCapturor-resources.sh\"\n";
			showEnvVarsInLog = 0;
		};
/* End PBXShellScriptBuildPhase section */

/* Begin PBXSourcesBuildPhase section */
		FEA216D91C28626E008F07F0 /* Sources */ = {
			isa = PBXSourcesBuildPhase;
			buildActionMask = 2147483647;
			files = (
				FE56C1C31C2B4D0400F24B32 /* MagicMovePopTransion.swift in Sources */,
				FEA216E31C28626E008F07F0 /* ViewController.swift in Sources */,
				FE4DDE731C29DDF400F7A328 /* XMCCamera.swift in Sources */,
				FE11814A1C333D5500FECF8A /* SettingViewController.swift in Sources */,
				FE397D5B1C30A82200C76CBE /* ProgressViewController.swift in Sources */,
				FE96F3941C39E0660000C70B /* ARNTransitionAnimator.swift in Sources */,
				FE1181991C36648B00FECF8A /* KPTimePicker.m in Sources */,
				FE56C1BB1C2B2D4500F24B32 /* UIImageExtentGif.swift in Sources */,
				FE0CF3471C2FC7090026CDEB /* GenereteVideo.swift in Sources */,
				FE11814E1C34897D00FECF8A /* UIButtonExt.swift in Sources */,
				FE4DDE741C29DDF400F7A328 /* XMCCameraViewController.swift in Sources */,
				FE96F3921C391FF00000C70B /* DKCircleButton.m in Sources */,
				FE11814C1C33EEF300FECF8A /* VideoViewController.swift in Sources */,
				FEF0DC241C373D82002BBE67 /* LocalNotification.swift in Sources */,
				FE56C1C81C2B5F4A00F24B32 /* AlbumData.swift in Sources */,
				FEA216E11C28626E008F07F0 /* AppDelegate.swift in Sources */,
				FEA216F31C28703B008F07F0 /* CollectionViewCell.swift in Sources */,
				FE56C1C11C2B4A4100F24B32 /* MagicMoveTransion.swift in Sources */,
				FE55C22C1C312CC300ADCE6F /* SweetAlert.swift in Sources */,
				FE56C1BD1C2B2D6E00F24B32 /* GIFViewController.swift in Sources */,
				FE56C1C61C2B599C00F24B32 /* FadeAnimator.swift in Sources */,
				FEA216F51C287052008F07F0 /* NewViewController.swift in Sources */,
				FEF0DC261C37D3DE002BBE67 /* GenereteGIF.swift in Sources */,
				FE1181981C36648B00FECF8A /* Categories.m in Sources */,
			);
			runOnlyForDeploymentPostprocessing = 0;
		};
/* End PBXSourcesBuildPhase section */

/* Begin PBXVariantGroup section */
		FEA216E41C28626E008F07F0 /* Main.storyboard */ = {
			isa = PBXVariantGroup;
			children = (
				FEA216E51C28626E008F07F0 /* Base */,
			);
			name = Main.storyboard;
			sourceTree = "<group>";
		};
		FEA216E91C28626E008F07F0 /* LaunchScreen.storyboard */ = {
			isa = PBXVariantGroup;
			children = (
				FEA216EA1C28626E008F07F0 /* Base */,
			);
			name = LaunchScreen.storyboard;
			sourceTree = "<group>";
		};
/* End PBXVariantGroup section */

/* Begin XCBuildConfiguration section */
		FEA216ED1C28626E008F07F0 /* Debug */ = {
			isa = XCBuildConfiguration;
			buildSettings = {
				ALWAYS_SEARCH_USER_PATHS = NO;
				CLANG_CXX_LANGUAGE_STANDARD = "gnu++0x";
				CLANG_CXX_LIBRARY = "libc++";
				CLANG_ENABLE_MODULES = YES;
				CLANG_ENABLE_OBJC_ARC = YES;
				CLANG_WARN_BOOL_CONVERSION = YES;
				CLANG_WARN_CONSTANT_CONVERSION = YES;
				CLANG_WARN_DIRECT_OBJC_ISA_USAGE = YES_ERROR;
				CLANG_WARN_EMPTY_BODY = YES;
				CLANG_WARN_ENUM_CONVERSION = YES;
				CLANG_WARN_INT_CONVERSION = YES;
				CLANG_WARN_OBJC_ROOT_CLASS = YES_ERROR;
				CLANG_WARN_UNREACHABLE_CODE = YES;
				CLANG_WARN__DUPLICATE_METHOD_MATCH = YES;
				"CODE_SIGN_IDENTITY[sdk=iphoneos*]" = "iPhone Developer";
				COPY_PHASE_STRIP = NO;
				DEBUG_INFORMATION_FORMAT = dwarf;
				ENABLE_STRICT_OBJC_MSGSEND = YES;
				ENABLE_TESTABILITY = YES;
				GCC_C_LANGUAGE_STANDARD = gnu99;
				GCC_DYNAMIC_NO_PIC = NO;
				GCC_NO_COMMON_BLOCKS = YES;
				GCC_OPTIMIZATION_LEVEL = 0;
				GCC_PREPROCESSOR_DEFINITIONS = (
					"DEBUG=1",
					"$(inherited)",
				);
				GCC_WARN_64_TO_32_BIT_CONVERSION = YES;
				GCC_WARN_ABOUT_RETURN_TYPE = YES_ERROR;
				GCC_WARN_UNDECLARED_SELECTOR = YES;
				GCC_WARN_UNINITIALIZED_AUTOS = YES_AGGRESSIVE;
				GCC_WARN_UNUSED_FUNCTION = YES;
				GCC_WARN_UNUSED_VARIABLE = YES;
				IPHONEOS_DEPLOYMENT_TARGET = 9.2;
				MTL_ENABLE_DEBUG_INFO = YES;
				ONLY_ACTIVE_ARCH = YES;
				SDKROOT = iphoneos;
				SWIFT_OPTIMIZATION_LEVEL = "-Onone";
				TARGETED_DEVICE_FAMILY = "1,2";
			};
			name = Debug;
		};
		FEA216EE1C28626E008F07F0 /* Release */ = {
			isa = XCBuildConfiguration;
			buildSettings = {
				ALWAYS_SEARCH_USER_PATHS = NO;
				CLANG_CXX_LANGUAGE_STANDARD = "gnu++0x";
				CLANG_CXX_LIBRARY = "libc++";
				CLANG_ENABLE_MODULES = YES;
				CLANG_ENABLE_OBJC_ARC = YES;
				CLANG_WARN_BOOL_CONVERSION = YES;
				CLANG_WARN_CONSTANT_CONVERSION = YES;
				CLANG_WARN_DIRECT_OBJC_ISA_USAGE = YES_ERROR;
				CLANG_WARN_EMPTY_BODY = YES;
				CLANG_WARN_ENUM_CONVERSION = YES;
				CLANG_WARN_INT_CONVERSION = YES;
				CLANG_WARN_OBJC_ROOT_CLASS = YES_ERROR;
				CLANG_WARN_UNREACHABLE_CODE = YES;
				CLANG_WARN__DUPLICATE_METHOD_MATCH = YES;
				"CODE_SIGN_IDENTITY[sdk=iphoneos*]" = "iPhone Developer";
				COPY_PHASE_STRIP = NO;
				DEBUG_INFORMATION_FORMAT = "dwarf-with-dsym";
				ENABLE_NS_ASSERTIONS = NO;
				ENABLE_STRICT_OBJC_MSGSEND = YES;
				GCC_C_LANGUAGE_STANDARD = gnu99;
				GCC_NO_COMMON_BLOCKS = YES;
				GCC_WARN_64_TO_32_BIT_CONVERSION = YES;
				GCC_WARN_ABOUT_RETURN_TYPE = YES_ERROR;
				GCC_WARN_UNDECLARED_SELECTOR = YES;
				GCC_WARN_UNINITIALIZED_AUTOS = YES_AGGRESSIVE;
				GCC_WARN_UNUSED_FUNCTION = YES;
				GCC_WARN_UNUSED_VARIABLE = YES;
				IPHONEOS_DEPLOYMENT_TARGET = 9.2;
				MTL_ENABLE_DEBUG_INFO = NO;
				SDKROOT = iphoneos;
				TARGETED_DEVICE_FAMILY = "1,2";
				VALIDATE_PRODUCT = YES;
			};
			name = Release;
		};
		FEA216F01C28626E008F07F0 /* Debug */ = {
			isa = XCBuildConfiguration;
			baseConfigurationReference = 0B82CAE82098F9942F5A410A /* Pods-TimeCapturor.debug.xcconfig */;
			buildSettings = {
				ASSETCATALOG_COMPILER_APPICON_NAME = AppIcon;
				ASSETCATALOG_COMPILER_LAUNCHIMAGE_NAME = "Brand Assets";
				CLANG_ENABLE_MODULES = YES;
				INFOPLIST_FILE = TimeCapturor/Info.plist;
				LD_RUNPATH_SEARCH_PATHS = "$(inherited) @executable_path/Frameworks";
				PRODUCT_BUNDLE_IDENTIFIER = "Tengfei-Yang.TimeCapturor";
				PRODUCT_NAME = "$(TARGET_NAME)";
				SDKROOT = iphoneos;
				SWIFT_OBJC_BRIDGING_HEADER = "TimeCapturor/TimeCapturor-Bridging-Header.h";
				SWIFT_OPTIMIZATION_LEVEL = "-Onone";
			};
			name = Debug;
		};
		FEA216F11C28626E008F07F0 /* Release */ = {
			isa = XCBuildConfiguration;
			baseConfigurationReference = 2DAACF8754B67265522B5A8E /* Pods-TimeCapturor.release.xcconfig */;
			buildSettings = {
				ASSETCATALOG_COMPILER_APPICON_NAME = AppIcon;
				ASSETCATALOG_COMPILER_LAUNCHIMAGE_NAME = "Brand Assets";
				CLANG_ENABLE_MODULES = YES;
				INFOPLIST_FILE = TimeCapturor/Info.plist;
				LD_RUNPATH_SEARCH_PATHS = "$(inherited) @executable_path/Frameworks";
				PRODUCT_BUNDLE_IDENTIFIER = "Tengfei-Yang.TimeCapturor";
				PRODUCT_NAME = "$(TARGET_NAME)";
				SDKROOT = iphoneos;
				SWIFT_OBJC_BRIDGING_HEADER = "TimeCapturor/TimeCapturor-Bridging-Header.h";
			};
			name = Release;
		};
/* End XCBuildConfiguration section */

/* Begin XCConfigurationList section */
		FEA216D81C28626E008F07F0 /* Build configuration list for PBXProject "TimeCapturor" */ = {
			isa = XCConfigurationList;
			buildConfigurations = (
				FEA216ED1C28626E008F07F0 /* Debug */,
				FEA216EE1C28626E008F07F0 /* Release */,
			);
			defaultConfigurationIsVisible = 0;
			defaultConfigurationName = Release;
		};
		FEA216EF1C28626E008F07F0 /* Build configuration list for PBXNativeTarget "TimeCapturor" */ = {
			isa = XCConfigurationList;
			buildConfigurations = (
				FEA216F01C28626E008F07F0 /* Debug */,
				FEA216F11C28626E008F07F0 /* Release */,
			);
			defaultConfigurationIsVisible = 0;
			defaultConfigurationName = Release;
		};
/* End XCConfigurationList section */
	};
	rootObject = FEA216D51C28626E008F07F0 /* Project object */;
}
