// !$*UTF8*$!
{
	archiveVersion = 1;
	classes = {
	};
	objectVersion = 46;
	objects = {

/* Begin PBXBuildFile section */
		FAF9801AAC291C8780103A68 /* Pods_TimeCapturor.framework in Frameworks */ = {isa = PBXBuildFile; fileRef = 79A988BEAF777D7974C65D7C /* Pods_TimeCapturor.framework */; };
		FE0CF3471C2FC7090026CDEB /* GenereteVideo.swift in Sources */ = {isa = PBXBuildFile; fileRef = FE0CF3461C2FC7090026CDEB /* GenereteVideo.swift */; };
		FE11814A1C333D5500FECF8A /* SettingViewController.swift in Sources */ = {isa = PBXBuildFile; fileRef = FE1181491C333D5500FECF8A /* SettingViewController.swift */; };
		FE11814C1C33EEF300FECF8A /* VideoViewController.swift in Sources */ = {isa = PBXBuildFile; fileRef = FE11814B1C33EEF300FECF8A /* VideoViewController.swift */; };
		FE11814E1C34897D00FECF8A /* UIButtonExt.swift in Sources */ = {isa = PBXBuildFile; fileRef = FE11814D1C34897D00FECF8A /* UIButtonExt.swift */; };
		FE1181981C36648B00FECF8A /* Categories.m in Sources */ = {isa = PBXBuildFile; fileRef = FE1181951C36648B00FECF8A /* Categories.m */; };
		FE1181991C36648B00FECF8A /* KPTimePicker.m in Sources */ = {isa = PBXBuildFile; fileRef = FE1181971C36648B00FECF8A /* KPTimePicker.m */; };
		FE1181A81C3664BB00FECF8A /* checkmark_icon_white.png in Resources */ = {isa = PBXBuildFile; fileRef = FE11819B1C3664BB00FECF8A /* checkmark_icon_white.png */; };
		FE1181A91C3664BB00FECF8A /* checkmark_icon_white@2x.png in Resources */ = {isa = PBXBuildFile; fileRef = FE11819C1C3664BB00FECF8A /* checkmark_icon_white@2x.png */; };
		FE1181AA1C3664BB00FECF8A /* picker_wheel@2x.png in Resources */ = {isa = PBXBuildFile; fileRef = FE11819D1C3664BB00FECF8A /* picker_wheel@2x.png */; };
		FE1181AB1C3664BB00FECF8A /* picker_wheel_ip4.png in Resources */ = {isa = PBXBuildFile; fileRef = FE11819E1C3664BB00FECF8A /* picker_wheel_ip4.png */; };
		FE1181AC1C3664BB00FECF8A /* picker_wheel_ip4@2x.png in Resources */ = {isa = PBXBuildFile; fileRef = FE11819F1C3664BB00FECF8A /* picker_wheel_ip4@2x.png */; };
		FE1181AD1C3664BB00FECF8A /* round_backarrow_big-high.png in Resources */ = {isa = PBXBuildFile; fileRef = FE1181A01C3664BB00FECF8A /* round_backarrow_big-high.png */; };
		FE1181AE1C3664BB00FECF8A /* round_backarrow_big-high@2x.png in Resources */ = {isa = PBXBuildFile; fileRef = FE1181A11C3664BB00FECF8A /* round_backarrow_big-high@2x.png */; };
		FE1181AF1C3664BB00FECF8A /* round_backarrow_big.png in Resources */ = {isa = PBXBuildFile; fileRef = FE1181A21C3664BB00FECF8A /* round_backarrow_big.png */; };
		FE1181B01C3664BB00FECF8A /* round_backarrow_big@2x.png in Resources */ = {isa = PBXBuildFile; fileRef = FE1181A31C3664BB00FECF8A /* round_backarrow_big@2x.png */; };
		FE1181B11C3664BB00FECF8A /* schedule_image_moon-high.png in Resources */ = {isa = PBXBuildFile; fileRef = FE1181A41C3664BB00FECF8A /* schedule_image_moon-high.png */; };
		FE1181B21C3664BB00FECF8A /* schedule_image_moon-high@2x.png in Resources */ = {isa = PBXBuildFile; fileRef = FE1181A51C3664BB00FECF8A /* schedule_image_moon-high@2x.png */; };
		FE1181B31C3664BB00FECF8A /* schedule_image_sun-high.png in Resources */ = {isa = PBXBuildFile; fileRef = FE1181A61C3664BB00FECF8A /* schedule_image_sun-high.png */; };
		FE1181B41C3664BB00FECF8A /* schedule_image_sun-high@2x.png in Resources */ = {isa = PBXBuildFile; fileRef = FE1181A71C3664BB00FECF8A /* schedule_image_sun-high@2x.png */; };
		FE24AA2F1C4146CA00F6FE5C /* GuideViewController.swift in Sources */ = {isa = PBXBuildFile; fileRef = FE24AA2E1C4146CA00F6FE5C /* GuideViewController.swift */; };
		FE397D5B1C30A82200C76CBE /* ProgressViewController.swift in Sources */ = {isa = PBXBuildFile; fileRef = FE397D5A1C30A82200C76CBE /* ProgressViewController.swift */; };
		FE4D259A1C3F8ECA00019C5E /* Walkthrough.storyboard in Resources */ = {isa = PBXBuildFile; fileRef = FE4D25991C3F8ECA00019C5E /* Walkthrough.storyboard */; };
		FE4DDE731C29DDF400F7A328 /* XMCCamera.swift in Sources */ = {isa = PBXBuildFile; fileRef = FE4DDE711C29DDF400F7A328 /* XMCCamera.swift */; };
		FE4DDE741C29DDF400F7A328 /* XMCCameraViewController.swift in Sources */ = {isa = PBXBuildFile; fileRef = FE4DDE721C29DDF400F7A328 /* XMCCameraViewController.swift */; };
		FE55C22C1C312CC300ADCE6F /* SweetAlert.swift in Sources */ = {isa = PBXBuildFile; fileRef = FE55C22B1C312CC300ADCE6F /* SweetAlert.swift */; };
		FE56C1BB1C2B2D4500F24B32 /* UIImageExtentGif.swift in Sources */ = {isa = PBXBuildFile; fileRef = FE56C1BA1C2B2D4500F24B32 /* UIImageExtentGif.swift */; };
		FE56C1BD1C2B2D6E00F24B32 /* GIFViewController.swift in Sources */ = {isa = PBXBuildFile; fileRef = FE56C1BC1C2B2D6E00F24B32 /* GIFViewController.swift */; };
		FE56C1C11C2B4A4100F24B32 /* MagicMoveTransion.swift in Sources */ = {isa = PBXBuildFile; fileRef = FE56C1C01C2B4A4100F24B32 /* MagicMoveTransion.swift */; };
		FE56C1C31C2B4D0400F24B32 /* MagicMovePopTransion.swift in Sources */ = {isa = PBXBuildFile; fileRef = FE56C1C21C2B4D0400F24B32 /* MagicMovePopTransion.swift */; };
		FE56C1C61C2B599C00F24B32 /* FadeAnimator.swift in Sources */ = {isa = PBXBuildFile; fileRef = FE56C1C51C2B599C00F24B32 /* FadeAnimator.swift */; };
		FE56C1C81C2B5F4A00F24B32 /* AlbumData.swift in Sources */ = {isa = PBXBuildFile; fileRef = FE56C1C71C2B5F4A00F24B32 /* AlbumData.swift */; };
		FE6A2F2F1C3E77B300F76F14 /* selfInfo.swift in Sources */ = {isa = PBXBuildFile; fileRef = FE6A2F2E1C3E77B300F76F14 /* selfInfo.swift */; };
		FE96F3921C391FF00000C70B /* DKCircleButton.m in Sources */ = {isa = PBXBuildFile; fileRef = FE96F3911C391FF00000C70B /* DKCircleButton.m */; };
		FE96F3941C39E0660000C70B /* ARNTransitionAnimator.swift in Sources */ = {isa = PBXBuildFile; fileRef = FE96F3931C39E0660000C70B /* ARNTransitionAnimator.swift */; };
		FE96F3BA1C3BCB5C0000C70B /* InfoViewController.swift in Sources */ = {isa = PBXBuildFile; fileRef = FE96F3B91C3BCB5C0000C70B /* InfoViewController.swift */; };
		FE97FABC1C3CF9D000FB01F1 /* TencentOpenAPI.framework in Frameworks */ = {isa = PBXBuildFile; fileRef = FE97FA9F1C3CF9D000FB01F1 /* TencentOpenAPI.framework */; };
		FE97FABD1C3CF9D000FB01F1 /* TencentOpenApi_IOS_Bundle.bundle in Resources */ = {isa = PBXBuildFile; fileRef = FE97FAA01C3CF9D000FB01F1 /* TencentOpenApi_IOS_Bundle.bundle */; };
		FE97FAC01C3CF9D000FB01F1 /* libWeChatSDK.a in Frameworks */ = {isa = PBXBuildFile; fileRef = FE97FAB01C3CF9D000FB01F1 /* libWeChatSDK.a */; };
		FE97FAC11C3CF9D000FB01F1 /* read_me.txt in Resources */ = {isa = PBXBuildFile; fileRef = FE97FAB11C3CF9D000FB01F1 /* read_me.txt */; };
		FE97FAC21C3CF9D000FB01F1 /* MOBFoundation.framework in Frameworks */ = {isa = PBXBuildFile; fileRef = FE97FAB51C3CF9D000FB01F1 /* MOBFoundation.framework */; };
		FE97FAC31C3CF9D100FB01F1 /* ShareSDK.bundle in Resources */ = {isa = PBXBuildFile; fileRef = FE97FAB61C3CF9D000FB01F1 /* ShareSDK.bundle */; };
		FE97FAC41C3CF9D100FB01F1 /* ShareSDK.framework in Frameworks */ = {isa = PBXBuildFile; fileRef = FE97FAB71C3CF9D000FB01F1 /* ShareSDK.framework */; };
		FE97FAC51C3CF9D100FB01F1 /* ShareSDKConnector.framework in Frameworks */ = {isa = PBXBuildFile; fileRef = FE97FAB81C3CF9D000FB01F1 /* ShareSDKConnector.framework */; };
		FE97FAC61C3CF9D100FB01F1 /* ShareSDKExtension.framework in Frameworks */ = {isa = PBXBuildFile; fileRef = FE97FAB91C3CF9D000FB01F1 /* ShareSDKExtension.framework */; };
		FE97FAC71C3CF9D100FB01F1 /* ShareSDKUI.bundle in Resources */ = {isa = PBXBuildFile; fileRef = FE97FABA1C3CF9D000FB01F1 /* ShareSDKUI.bundle */; };
		FE97FAC81C3CF9D100FB01F1 /* ShareSDKUI.framework in Frameworks */ = {isa = PBXBuildFile; fileRef = FE97FABB1C3CF9D000FB01F1 /* ShareSDKUI.framework */; };
		FE97FACA1C3CFA1A00FB01F1 /* libicucore.tbd in Frameworks */ = {isa = PBXBuildFile; fileRef = FE97FAC91C3CFA1A00FB01F1 /* libicucore.tbd */; };
		FE97FACC1C3CFA2300FB01F1 /* libz.tbd in Frameworks */ = {isa = PBXBuildFile; fileRef = FE97FACB1C3CFA2300FB01F1 /* libz.tbd */; };
		FE97FACE1C3CFA2A00FB01F1 /* libstdc++.tbd in Frameworks */ = {isa = PBXBuildFile; fileRef = FE97FACD1C3CFA2A00FB01F1 /* libstdc++.tbd */; };
		FE97FAD01C3CFA3700FB01F1 /* JavaScriptCore.framework in Frameworks */ = {isa = PBXBuildFile; fileRef = FE97FACF1C3CFA3700FB01F1 /* JavaScriptCore.framework */; };
		FE97FAD21C3CFA4200FB01F1 /* ImageIO.framework in Frameworks */ = {isa = PBXBuildFile; fileRef = FE97FAD11C3CFA4200FB01F1 /* ImageIO.framework */; };
		FE97FAD41C3CFA4900FB01F1 /* AdSupport.framework in Frameworks */ = {isa = PBXBuildFile; fileRef = FE97FAD31C3CFA4900FB01F1 /* AdSupport.framework */; };
		FE97FAD61C3CFA4F00FB01F1 /* libsqlite3.tbd in Frameworks */ = {isa = PBXBuildFile; fileRef = FE97FAD51C3CFA4F00FB01F1 /* libsqlite3.tbd */; };
		FE97FAD81C3CFA6600FB01F1 /* MessageUI.framework in Frameworks */ = {isa = PBXBuildFile; fileRef = FE97FAD71C3CFA6600FB01F1 /* MessageUI.framework */; };
		FE97FB8B1C3DEE1C00FB01F1 /* PNBar.swift in Sources */ = {isa = PBXBuildFile; fileRef = FE97FB891C3DEE1C00FB01F1 /* PNBar.swift */; };
		FE97FB8C1C3DEE1C00FB01F1 /* PNBarChart.swift in Sources */ = {isa = PBXBuildFile; fileRef = FE97FB8A1C3DEE1C00FB01F1 /* PNBarChart.swift */; };
		FE97FB8E1C3DEF0F00FB01F1 /* PNChartDelegate.swift in Sources */ = {isa = PBXBuildFile; fileRef = FE97FB8D1C3DEF0F00FB01F1 /* PNChartDelegate.swift */; };
		FE97FB901C3DEF9700FB01F1 /* PNChartLabel.swift in Sources */ = {isa = PBXBuildFile; fileRef = FE97FB8F1C3DEF9700FB01F1 /* PNChartLabel.swift */; };
		FE97FB921C3DEFC000FB01F1 /* PNChartConfig.swift in Sources */ = {isa = PBXBuildFile; fileRef = FE97FB911C3DEFC000FB01F1 /* PNChartConfig.swift */; };
		FE9BE8801C458BB70068D14C /* AudioToolbox.framework in Frameworks */ = {isa = PBXBuildFile; fileRef = FE9BE87F1C458BB70068D14C /* AudioToolbox.framework */; };
		FE9BE8821C458BC10068D14C /* CFNetwork.framework in Frameworks */ = {isa = PBXBuildFile; fileRef = FE9BE8811C458BC10068D14C /* CFNetwork.framework */; };
		FE9BE8841C458BCB0068D14C /* CoreGraphics.framework in Frameworks */ = {isa = PBXBuildFile; fileRef = FE9BE8831C458BCB0068D14C /* CoreGraphics.framework */; };
		FE9BE8861C458BD60068D14C /* CoreLocation.framework in Frameworks */ = {isa = PBXBuildFile; fileRef = FE9BE8851C458BD60068D14C /* CoreLocation.framework */; };
		FE9BE8881C458BDF0068D14C /* QuartzCore.framework in Frameworks */ = {isa = PBXBuildFile; fileRef = FE9BE8871C458BDF0068D14C /* QuartzCore.framework */; };
		FE9BE88A1C458BEE0068D14C /* Security.framework in Frameworks */ = {isa = PBXBuildFile; fileRef = FE9BE8891C458BEE0068D14C /* Security.framework */; };
		FE9BE88C1C458BF70068D14C /* StoreKit.framework in Frameworks */ = {isa = PBXBuildFile; fileRef = FE9BE88B1C458BF70068D14C /* StoreKit.framework */; };
		FE9BE88E1C458BFF0068D14C /* SystemConfiguration.framework in Frameworks */ = {isa = PBXBuildFile; fileRef = FE9BE88D1C458BFF0068D14C /* SystemConfiguration.framework */; };
		FEA216E11C28626E008F07F0 /* AppDelegate.swift in Sources */ = {isa = PBXBuildFile; fileRef = FEA216E01C28626E008F07F0 /* AppDelegate.swift */; };
		FEA216E31C28626E008F07F0 /* ViewController.swift in Sources */ = {isa = PBXBuildFile; fileRef = FEA216E21C28626E008F07F0 /* ViewController.swift */; };
		FEA216E61C28626E008F07F0 /* Main.storyboard in Resources */ = {isa = PBXBuildFile; fileRef = FEA216E41C28626E008F07F0 /* Main.storyboard */; };
		FEA216E81C28626E008F07F0 /* Assets.xcassets in Resources */ = {isa = PBXBuildFile; fileRef = FEA216E71C28626E008F07F0 /* Assets.xcassets */; };
		FEA216EB1C28626E008F07F0 /* LaunchScreen.storyboard in Resources */ = {isa = PBXBuildFile; fileRef = FEA216E91C28626E008F07F0 /* LaunchScreen.storyboard */; };
		FEA216F31C28703B008F07F0 /* CollectionViewCell.swift in Sources */ = {isa = PBXBuildFile; fileRef = FEA216F21C28703B008F07F0 /* CollectionViewCell.swift */; };
		FEA216F51C287052008F07F0 /* NewViewController.swift in Sources */ = {isa = PBXBuildFile; fileRef = FEA216F41C287052008F07F0 /* NewViewController.swift */; };
		FED49AC91C45AB8900A64DB1 /* BWWalkthroughPageViewController.swift in Sources */ = {isa = PBXBuildFile; fileRef = FED49AC71C45AB8900A64DB1 /* BWWalkthroughPageViewController.swift */; };
		FED49ACA1C45AB8900A64DB1 /* BWWalkthroughViewController.swift in Sources */ = {isa = PBXBuildFile; fileRef = FED49AC81C45AB8900A64DB1 /* BWWalkthroughViewController.swift */; };
		FED49AD11C45AC0C00A64DB1 /* bg@2x.jpg in Resources */ = {isa = PBXBuildFile; fileRef = FED49ACC1C45AC0C00A64DB1 /* bg@2x.jpg */; };
		FED49AD21C45AC0C00A64DB1 /* iPhone@2x.png in Resources */ = {isa = PBXBuildFile; fileRef = FED49ACD1C45AC0C00A64DB1 /* iPhone@2x.png */; };
		FED49AD31C45AC0C00A64DB1 /* img3@2x.png in Resources */ = {isa = PBXBuildFile; fileRef = FED49ACE1C45AC0C00A64DB1 /* img3@2x.png */; };
		FED49AD41C45AC0C00A64DB1 /* rightarrow@2x.png in Resources */ = {isa = PBXBuildFile; fileRef = FED49ACF1C45AC0C00A64DB1 /* rightarrow@2x.png */; };
		FED49AD51C45AC0C00A64DB1 /* leftarrow@2x.png in Resources */ = {isa = PBXBuildFile; fileRef = FED49AD01C45AC0C00A64DB1 /* leftarrow@2x.png */; };
		FED49AD91C45AC2800A64DB1 /* iPhoneScreen@2x.png in Resources */ = {isa = PBXBuildFile; fileRef = FED49AD61C45AC2800A64DB1 /* iPhoneScreen@2x.png */; };
		FED49ADA1C45AC2800A64DB1 /* cloud1@2x.png in Resources */ = {isa = PBXBuildFile; fileRef = FED49AD71C45AC2800A64DB1 /* cloud1@2x.png */; };
		FED49ADB1C45AC2800A64DB1 /* cloud3@2x.png in Resources */ = {isa = PBXBuildFile; fileRef = FED49AD81C45AC2800A64DB1 /* cloud3@2x.png */; };
		FED49AE11C45AC4000A64DB1 /* user1.png in Resources */ = {isa = PBXBuildFile; fileRef = FED49ADC1C45AC4000A64DB1 /* user1.png */; };
		FED49AE21C45AC4000A64DB1 /* user2.png in Resources */ = {isa = PBXBuildFile; fileRef = FED49ADD1C45AC4000A64DB1 /* user2.png */; };
		FED49AE31C45AC4000A64DB1 /* user3.png in Resources */ = {isa = PBXBuildFile; fileRef = FED49ADE1C45AC4000A64DB1 /* user3.png */; };
		FED49AE41C45AC4000A64DB1 /* user4.png in Resources */ = {isa = PBXBuildFile; fileRef = FED49ADF1C45AC4000A64DB1 /* user4.png */; };
		FED49AE51C45AC4000A64DB1 /* user5.png in Resources */ = {isa = PBXBuildFile; fileRef = FED49AE01C45AC4000A64DB1 /* user5.png */; };
		FED49AF41C45ADFA00A64DB1 /* AAShareBubbles.bundle in Resources */ = {isa = PBXBuildFile; fileRef = FED49AF11C45ADFA00A64DB1 /* AAShareBubbles.bundle */; };
		FED49AF51C45ADFA00A64DB1 /* AAShareBubbles.m in Sources */ = {isa = PBXBuildFile; fileRef = FED49AF31C45ADFA00A64DB1 /* AAShareBubbles.m */; };
		FED49AF91C45B7B900A64DB1 /* capture.png in Resources */ = {isa = PBXBuildFile; fileRef = FED49AF61C45B7B900A64DB1 /* capture.png */; };
		FED49AFA1C45B7B900A64DB1 /* play.png in Resources */ = {isa = PBXBuildFile; fileRef = FED49AF71C45B7B900A64DB1 /* play.png */; };
		FED49AFB1C45B7B900A64DB1 /* share.png in Resources */ = {isa = PBXBuildFile; fileRef = FED49AF81C45B7B900A64DB1 /* share.png */; };
		FED49B041C45D60700A64DB1 /* Bolts.framework in Frameworks */ = {isa = PBXBuildFile; fileRef = FED49AFE1C45D60700A64DB1 /* Bolts.framework */; };
		FED49B051C45D60700A64DB1 /* Parse.framework in Frameworks */ = {isa = PBXBuildFile; fileRef = FED49AFF1C45D60700A64DB1 /* Parse.framework */; };
		FEDCD3261C51A8B80017530B /* parse.swift in Sources */ = {isa = PBXBuildFile; fileRef = FEDCD3251C51A8B80017530B /* parse.swift */; };
		FEDCD3291C51B0780017530B /* bgm.mp3 in Resources */ = {isa = PBXBuildFile; fileRef = FEDCD3281C51B0780017530B /* bgm.mp3 */; };
		FEF0DC241C373D82002BBE67 /* LocalNotification.swift in Sources */ = {isa = PBXBuildFile; fileRef = FEF0DC231C373D81002BBE67 /* LocalNotification.swift */; };
		FEF0DC261C37D3DE002BBE67 /* GenereteGIF.swift in Sources */ = {isa = PBXBuildFile; fileRef = FEF0DC251C37D3DD002BBE67 /* GenereteGIF.swift */; };
/* End PBXBuildFile section */

/* Begin PBXFileReference section */
		0B82CAE82098F9942F5A410A /* Pods-TimeCapturor.debug.xcconfig */ = {isa = PBXFileReference; includeInIndex = 1; lastKnownFileType = text.xcconfig; name = "Pods-TimeCapturor.debug.xcconfig"; path = "Pods/Target Support Files/Pods-TimeCapturor/Pods-TimeCapturor.debug.xcconfig"; sourceTree = "<group>"; };
		2DAACF8754B67265522B5A8E /* Pods-TimeCapturor.release.xcconfig */ = {isa = PBXFileReference; includeInIndex = 1; lastKnownFileType = text.xcconfig; name = "Pods-TimeCapturor.release.xcconfig"; path = "Pods/Target Support Files/Pods-TimeCapturor/Pods-TimeCapturor.release.xcconfig"; sourceTree = "<group>"; };
		79A988BEAF777D7974C65D7C /* Pods_TimeCapturor.framework */ = {isa = PBXFileReference; explicitFileType = wrapper.framework; includeInIndex = 0; path = Pods_TimeCapturor.framework; sourceTree = BUILT_PRODUCTS_DIR; };
		FE0CF3461C2FC7090026CDEB /* GenereteVideo.swift */ = {isa = PBXFileReference; fileEncoding = 4; lastKnownFileType = sourcecode.swift; path = GenereteVideo.swift; sourceTree = "<group>"; };
		FE1181491C333D5500FECF8A /* SettingViewController.swift */ = {isa = PBXFileReference; fileEncoding = 4; lastKnownFileType = sourcecode.swift; path = SettingViewController.swift; sourceTree = "<group>"; };
		FE11814B1C33EEF300FECF8A /* VideoViewController.swift */ = {isa = PBXFileReference; fileEncoding = 4; lastKnownFileType = sourcecode.swift; path = VideoViewController.swift; sourceTree = "<group>"; };
		FE11814D1C34897D00FECF8A /* UIButtonExt.swift */ = {isa = PBXFileReference; fileEncoding = 4; lastKnownFileType = sourcecode.swift; path = UIButtonExt.swift; sourceTree = "<group>"; };
		FE1181931C36648A00FECF8A /* TimeCapturor-Bridging-Header.h */ = {isa = PBXFileReference; lastKnownFileType = sourcecode.c.h; path = "TimeCapturor-Bridging-Header.h"; sourceTree = "<group>"; };
		FE1181941C36648B00FECF8A /* Categories.h */ = {isa = PBXFileReference; fileEncoding = 4; lastKnownFileType = sourcecode.c.h; path = Categories.h; sourceTree = "<group>"; };
		FE1181951C36648B00FECF8A /* Categories.m */ = {isa = PBXFileReference; fileEncoding = 4; lastKnownFileType = sourcecode.c.objc; path = Categories.m; sourceTree = "<group>"; };
		FE1181961C36648B00FECF8A /* KPTimePicker.h */ = {isa = PBXFileReference; fileEncoding = 4; lastKnownFileType = sourcecode.c.h; path = KPTimePicker.h; sourceTree = "<group>"; };
		FE1181971C36648B00FECF8A /* KPTimePicker.m */ = {isa = PBXFileReference; fileEncoding = 4; lastKnownFileType = sourcecode.c.objc; path = KPTimePicker.m; sourceTree = "<group>"; };
		FE11819B1C3664BB00FECF8A /* checkmark_icon_white.png */ = {isa = PBXFileReference; lastKnownFileType = image.png; path = checkmark_icon_white.png; sourceTree = "<group>"; };
		FE11819C1C3664BB00FECF8A /* checkmark_icon_white@2x.png */ = {isa = PBXFileReference; lastKnownFileType = image.png; path = "checkmark_icon_white@2x.png"; sourceTree = "<group>"; };
		FE11819D1C3664BB00FECF8A /* picker_wheel@2x.png */ = {isa = PBXFileReference; lastKnownFileType = image.png; path = "picker_wheel@2x.png"; sourceTree = "<group>"; };
		FE11819E1C3664BB00FECF8A /* picker_wheel_ip4.png */ = {isa = PBXFileReference; lastKnownFileType = image.png; path = picker_wheel_ip4.png; sourceTree = "<group>"; };
		FE11819F1C3664BB00FECF8A /* picker_wheel_ip4@2x.png */ = {isa = PBXFileReference; lastKnownFileType = image.png; path = "picker_wheel_ip4@2x.png"; sourceTree = "<group>"; };
		FE1181A01C3664BB00FECF8A /* round_backarrow_big-high.png */ = {isa = PBXFileReference; lastKnownFileType = image.png; path = "round_backarrow_big-high.png"; sourceTree = "<group>"; };
		FE1181A11C3664BB00FECF8A /* round_backarrow_big-high@2x.png */ = {isa = PBXFileReference; lastKnownFileType = image.png; path = "round_backarrow_big-high@2x.png"; sourceTree = "<group>"; };
		FE1181A21C3664BB00FECF8A /* round_backarrow_big.png */ = {isa = PBXFileReference; lastKnownFileType = image.png; path = round_backarrow_big.png; sourceTree = "<group>"; };
		FE1181A31C3664BB00FECF8A /* round_backarrow_big@2x.png */ = {isa = PBXFileReference; lastKnownFileType = image.png; path = "round_backarrow_big@2x.png"; sourceTree = "<group>"; };
		FE1181A41C3664BB00FECF8A /* schedule_image_moon-high.png */ = {isa = PBXFileReference; lastKnownFileType = image.png; path = "schedule_image_moon-high.png"; sourceTree = "<group>"; };
		FE1181A51C3664BB00FECF8A /* schedule_image_moon-high@2x.png */ = {isa = PBXFileReference; lastKnownFileType = image.png; path = "schedule_image_moon-high@2x.png"; sourceTree = "<group>"; };
		FE1181A61C3664BB00FECF8A /* schedule_image_sun-high.png */ = {isa = PBXFileReference; lastKnownFileType = image.png; path = "schedule_image_sun-high.png"; sourceTree = "<group>"; };
		FE1181A71C3664BB00FECF8A /* schedule_image_sun-high@2x.png */ = {isa = PBXFileReference; lastKnownFileType = image.png; path = "schedule_image_sun-high@2x.png"; sourceTree = "<group>"; };
		FE24AA2E1C4146CA00F6FE5C /* GuideViewController.swift */ = {isa = PBXFileReference; fileEncoding = 4; lastKnownFileType = sourcecode.swift; path = GuideViewController.swift; sourceTree = "<group>"; };
		FE397D5A1C30A82200C76CBE /* ProgressViewController.swift */ = {isa = PBXFileReference; fileEncoding = 4; lastKnownFileType = sourcecode.swift; path = ProgressViewController.swift; sourceTree = "<group>"; };
		FE4D25991C3F8ECA00019C5E /* Walkthrough.storyboard */ = {isa = PBXFileReference; fileEncoding = 4; lastKnownFileType = file.storyboard; path = Walkthrough.storyboard; sourceTree = "<group>"; };
		FE4DDE711C29DDF400F7A328 /* XMCCamera.swift */ = {isa = PBXFileReference; fileEncoding = 4; lastKnownFileType = sourcecode.swift; path = XMCCamera.swift; sourceTree = "<group>"; };
		FE4DDE721C29DDF400F7A328 /* XMCCameraViewController.swift */ = {isa = PBXFileReference; fileEncoding = 4; lastKnownFileType = sourcecode.swift; path = XMCCameraViewController.swift; sourceTree = "<group>"; };
		FE55C22B1C312CC300ADCE6F /* SweetAlert.swift */ = {isa = PBXFileReference; fileEncoding = 4; lastKnownFileType = sourcecode.swift; path = SweetAlert.swift; sourceTree = "<group>"; };
		FE56C1BA1C2B2D4500F24B32 /* UIImageExtentGif.swift */ = {isa = PBXFileReference; fileEncoding = 4; lastKnownFileType = sourcecode.swift; path = UIImageExtentGif.swift; sourceTree = "<group>"; };
		FE56C1BC1C2B2D6E00F24B32 /* GIFViewController.swift */ = {isa = PBXFileReference; fileEncoding = 4; lastKnownFileType = sourcecode.swift; path = GIFViewController.swift; sourceTree = "<group>"; };
		FE56C1C01C2B4A4100F24B32 /* MagicMoveTransion.swift */ = {isa = PBXFileReference; fileEncoding = 4; lastKnownFileType = sourcecode.swift; path = MagicMoveTransion.swift; sourceTree = "<group>"; };
		FE56C1C21C2B4D0400F24B32 /* MagicMovePopTransion.swift */ = {isa = PBXFileReference; fileEncoding = 4; lastKnownFileType = sourcecode.swift; path = MagicMovePopTransion.swift; sourceTree = "<group>"; };
		FE56C1C51C2B599C00F24B32 /* FadeAnimator.swift */ = {isa = PBXFileReference; fileEncoding = 4; lastKnownFileType = sourcecode.swift; path = FadeAnimator.swift; sourceTree = "<group>"; };
		FE56C1C71C2B5F4A00F24B32 /* AlbumData.swift */ = {isa = PBXFileReference; fileEncoding = 4; lastKnownFileType = sourcecode.swift; path = AlbumData.swift; sourceTree = "<group>"; };
		FE6A2F2E1C3E77B300F76F14 /* selfInfo.swift */ = {isa = PBXFileReference; fileEncoding = 4; lastKnownFileType = sourcecode.swift; path = selfInfo.swift; sourceTree = "<group>"; };
		FE96F3901C391FF00000C70B /* DKCircleButton.h */ = {isa = PBXFileReference; fileEncoding = 4; lastKnownFileType = sourcecode.c.h; path = DKCircleButton.h; sourceTree = "<group>"; };
		FE96F3911C391FF00000C70B /* DKCircleButton.m */ = {isa = PBXFileReference; fileEncoding = 4; lastKnownFileType = sourcecode.c.objc; path = DKCircleButton.m; sourceTree = "<group>"; };
		FE96F3931C39E0660000C70B /* ARNTransitionAnimator.swift */ = {isa = PBXFileReference; fileEncoding = 4; lastKnownFileType = sourcecode.swift; path = ARNTransitionAnimator.swift; sourceTree = "<group>"; };
		FE96F3951C39E0760000C70B /* ARNTransitionAnimator.h */ = {isa = PBXFileReference; lastKnownFileType = sourcecode.c.h; path = ARNTransitionAnimator.h; sourceTree = "<group>"; };
		FE96F3B91C3BCB5C0000C70B /* InfoViewController.swift */ = {isa = PBXFileReference; fileEncoding = 4; lastKnownFileType = sourcecode.swift; path = InfoViewController.swift; sourceTree = "<group>"; };
		FE97FA9F1C3CF9D000FB01F1 /* TencentOpenAPI.framework */ = {isa = PBXFileReference; lastKnownFileType = wrapper.framework; path = TencentOpenAPI.framework; sourceTree = "<group>"; };
		FE97FAA01C3CF9D000FB01F1 /* TencentOpenApi_IOS_Bundle.bundle */ = {isa = PBXFileReference; lastKnownFileType = "wrapper.plug-in"; path = TencentOpenApi_IOS_Bundle.bundle; sourceTree = "<group>"; };
		FE97FAB01C3CF9D000FB01F1 /* libWeChatSDK.a */ = {isa = PBXFileReference; lastKnownFileType = archive.ar; path = libWeChatSDK.a; sourceTree = "<group>"; };
		FE97FAB11C3CF9D000FB01F1 /* read_me.txt */ = {isa = PBXFileReference; fileEncoding = 4; lastKnownFileType = text; path = read_me.txt; sourceTree = "<group>"; };
		FE97FAB21C3CF9D000FB01F1 /* WechatAuthSDK.h */ = {isa = PBXFileReference; fileEncoding = 4; lastKnownFileType = sourcecode.c.h; path = WechatAuthSDK.h; sourceTree = "<group>"; };
		FE97FAB31C3CF9D000FB01F1 /* WXApi.h */ = {isa = PBXFileReference; fileEncoding = 4; lastKnownFileType = sourcecode.c.h; path = WXApi.h; sourceTree = "<group>"; };
		FE97FAB41C3CF9D000FB01F1 /* WXApiObject.h */ = {isa = PBXFileReference; fileEncoding = 4; lastKnownFileType = sourcecode.c.h; path = WXApiObject.h; sourceTree = "<group>"; };
		FE97FAB51C3CF9D000FB01F1 /* MOBFoundation.framework */ = {isa = PBXFileReference; lastKnownFileType = wrapper.framework; path = MOBFoundation.framework; sourceTree = "<group>"; };
		FE97FAB61C3CF9D000FB01F1 /* ShareSDK.bundle */ = {isa = PBXFileReference; lastKnownFileType = "wrapper.plug-in"; path = ShareSDK.bundle; sourceTree = "<group>"; };
		FE97FAB71C3CF9D000FB01F1 /* ShareSDK.framework */ = {isa = PBXFileReference; lastKnownFileType = wrapper.framework; path = ShareSDK.framework; sourceTree = "<group>"; };
		FE97FAB81C3CF9D000FB01F1 /* ShareSDKConnector.framework */ = {isa = PBXFileReference; lastKnownFileType = wrapper.framework; path = ShareSDKConnector.framework; sourceTree = "<group>"; };
		FE97FAB91C3CF9D000FB01F1 /* ShareSDKExtension.framework */ = {isa = PBXFileReference; lastKnownFileType = wrapper.framework; path = ShareSDKExtension.framework; sourceTree = "<group>"; };
		FE97FABA1C3CF9D000FB01F1 /* ShareSDKUI.bundle */ = {isa = PBXFileReference; lastKnownFileType = "wrapper.plug-in"; path = ShareSDKUI.bundle; sourceTree = "<group>"; };
		FE97FABB1C3CF9D000FB01F1 /* ShareSDKUI.framework */ = {isa = PBXFileReference; lastKnownFileType = wrapper.framework; path = ShareSDKUI.framework; sourceTree = "<group>"; };
		FE97FAC91C3CFA1A00FB01F1 /* libicucore.tbd */ = {isa = PBXFileReference; lastKnownFileType = "sourcecode.text-based-dylib-definition"; name = libicucore.tbd; path = usr/lib/libicucore.tbd; sourceTree = SDKROOT; };
		FE97FACB1C3CFA2300FB01F1 /* libz.tbd */ = {isa = PBXFileReference; lastKnownFileType = "sourcecode.text-based-dylib-definition"; name = libz.tbd; path = usr/lib/libz.tbd; sourceTree = SDKROOT; };
		FE97FACD1C3CFA2A00FB01F1 /* libstdc++.tbd */ = {isa = PBXFileReference; lastKnownFileType = "sourcecode.text-based-dylib-definition"; name = "libstdc++.tbd"; path = "usr/lib/libstdc++.tbd"; sourceTree = SDKROOT; };
		FE97FACF1C3CFA3700FB01F1 /* JavaScriptCore.framework */ = {isa = PBXFileReference; lastKnownFileType = wrapper.framework; name = JavaScriptCore.framework; path = System/Library/Frameworks/JavaScriptCore.framework; sourceTree = SDKROOT; };
		FE97FAD11C3CFA4200FB01F1 /* ImageIO.framework */ = {isa = PBXFileReference; lastKnownFileType = wrapper.framework; name = ImageIO.framework; path = System/Library/Frameworks/ImageIO.framework; sourceTree = SDKROOT; };
		FE97FAD31C3CFA4900FB01F1 /* AdSupport.framework */ = {isa = PBXFileReference; lastKnownFileType = wrapper.framework; name = AdSupport.framework; path = System/Library/Frameworks/AdSupport.framework; sourceTree = SDKROOT; };
		FE97FAD51C3CFA4F00FB01F1 /* libsqlite3.tbd */ = {isa = PBXFileReference; lastKnownFileType = "sourcecode.text-based-dylib-definition"; name = libsqlite3.tbd; path = usr/lib/libsqlite3.tbd; sourceTree = SDKROOT; };
		FE97FAD71C3CFA6600FB01F1 /* MessageUI.framework */ = {isa = PBXFileReference; lastKnownFileType = wrapper.framework; name = MessageUI.framework; path = System/Library/Frameworks/MessageUI.framework; sourceTree = SDKROOT; };
		FE97FB891C3DEE1C00FB01F1 /* PNBar.swift */ = {isa = PBXFileReference; fileEncoding = 4; lastKnownFileType = sourcecode.swift; path = PNBar.swift; sourceTree = "<group>"; };
		FE97FB8A1C3DEE1C00FB01F1 /* PNBarChart.swift */ = {isa = PBXFileReference; fileEncoding = 4; lastKnownFileType = sourcecode.swift; path = PNBarChart.swift; sourceTree = "<group>"; };
		FE97FB8D1C3DEF0F00FB01F1 /* PNChartDelegate.swift */ = {isa = PBXFileReference; fileEncoding = 4; lastKnownFileType = sourcecode.swift; path = PNChartDelegate.swift; sourceTree = "<group>"; };
		FE97FB8F1C3DEF9700FB01F1 /* PNChartLabel.swift */ = {isa = PBXFileReference; fileEncoding = 4; lastKnownFileType = sourcecode.swift; path = PNChartLabel.swift; sourceTree = "<group>"; };
		FE97FB911C3DEFC000FB01F1 /* PNChartConfig.swift */ = {isa = PBXFileReference; fileEncoding = 4; lastKnownFileType = sourcecode.swift; path = PNChartConfig.swift; sourceTree = "<group>"; };
		FE97FB931C3DF2F100FB01F1 /* PNChartSwift.h */ = {isa = PBXFileReference; lastKnownFileType = sourcecode.c.h; path = PNChartSwift.h; sourceTree = "<group>"; };
		FE9BE87F1C458BB70068D14C /* AudioToolbox.framework */ = {isa = PBXFileReference; lastKnownFileType = wrapper.framework; name = AudioToolbox.framework; path = System/Library/Frameworks/AudioToolbox.framework; sourceTree = SDKROOT; };
		FE9BE8811C458BC10068D14C /* CFNetwork.framework */ = {isa = PBXFileReference; lastKnownFileType = wrapper.framework; name = CFNetwork.framework; path = System/Library/Frameworks/CFNetwork.framework; sourceTree = SDKROOT; };
		FE9BE8831C458BCB0068D14C /* CoreGraphics.framework */ = {isa = PBXFileReference; lastKnownFileType = wrapper.framework; name = CoreGraphics.framework; path = System/Library/Frameworks/CoreGraphics.framework; sourceTree = SDKROOT; };
		FE9BE8851C458BD60068D14C /* CoreLocation.framework */ = {isa = PBXFileReference; lastKnownFileType = wrapper.framework; name = CoreLocation.framework; path = System/Library/Frameworks/CoreLocation.framework; sourceTree = SDKROOT; };
		FE9BE8871C458BDF0068D14C /* QuartzCore.framework */ = {isa = PBXFileReference; lastKnownFileType = wrapper.framework; name = QuartzCore.framework; path = System/Library/Frameworks/QuartzCore.framework; sourceTree = SDKROOT; };
		FE9BE8891C458BEE0068D14C /* Security.framework */ = {isa = PBXFileReference; lastKnownFileType = wrapper.framework; name = Security.framework; path = System/Library/Frameworks/Security.framework; sourceTree = SDKROOT; };
		FE9BE88B1C458BF70068D14C /* StoreKit.framework */ = {isa = PBXFileReference; lastKnownFileType = wrapper.framework; name = StoreKit.framework; path = System/Library/Frameworks/StoreKit.framework; sourceTree = SDKROOT; };
		FE9BE88D1C458BFF0068D14C /* SystemConfiguration.framework */ = {isa = PBXFileReference; lastKnownFileType = wrapper.framework; name = SystemConfiguration.framework; path = System/Library/Frameworks/SystemConfiguration.framework; sourceTree = SDKROOT; };
		FEA216DD1C28626E008F07F0 /* TimeCapturor.app */ = {isa = PBXFileReference; explicitFileType = wrapper.application; includeInIndex = 0; path = TimeCapturor.app; sourceTree = BUILT_PRODUCTS_DIR; };
		FEA216E01C28626E008F07F0 /* AppDelegate.swift */ = {isa = PBXFileReference; lastKnownFileType = sourcecode.swift; path = AppDelegate.swift; sourceTree = "<group>"; };
		FEA216E21C28626E008F07F0 /* ViewController.swift */ = {isa = PBXFileReference; lastKnownFileType = sourcecode.swift; path = ViewController.swift; sourceTree = "<group>"; };
		FEA216E51C28626E008F07F0 /* Base */ = {isa = PBXFileReference; lastKnownFileType = file.storyboard; name = Base; path = Base.lproj/Main.storyboard; sourceTree = "<group>"; };
		FEA216E71C28626E008F07F0 /* Assets.xcassets */ = {isa = PBXFileReference; lastKnownFileType = folder.assetcatalog; path = Assets.xcassets; sourceTree = "<group>"; };
		FEA216EA1C28626E008F07F0 /* Base */ = {isa = PBXFileReference; lastKnownFileType = file.storyboard; name = Base; path = Base.lproj/LaunchScreen.storyboard; sourceTree = "<group>"; };
		FEA216EC1C28626E008F07F0 /* Info.plist */ = {isa = PBXFileReference; lastKnownFileType = text.plist.xml; path = Info.plist; sourceTree = "<group>"; };
		FEA216F21C28703B008F07F0 /* CollectionViewCell.swift */ = {isa = PBXFileReference; fileEncoding = 4; lastKnownFileType = sourcecode.swift; path = CollectionViewCell.swift; sourceTree = "<group>"; };
		FEA216F41C287052008F07F0 /* NewViewController.swift */ = {isa = PBXFileReference; fileEncoding = 4; lastKnownFileType = sourcecode.swift; path = NewViewController.swift; sourceTree = "<group>"; };
		FED49AC71C45AB8900A64DB1 /* BWWalkthroughPageViewController.swift */ = {isa = PBXFileReference; fileEncoding = 4; lastKnownFileType = sourcecode.swift; path = BWWalkthroughPageViewController.swift; sourceTree = "<group>"; };
		FED49AC81C45AB8900A64DB1 /* BWWalkthroughViewController.swift */ = {isa = PBXFileReference; fileEncoding = 4; lastKnownFileType = sourcecode.swift; path = BWWalkthroughViewController.swift; sourceTree = "<group>"; };
		FED49ACC1C45AC0C00A64DB1 /* bg@2x.jpg */ = {isa = PBXFileReference; lastKnownFileType = image.jpeg; path = "bg@2x.jpg"; sourceTree = "<group>"; };
		FED49ACD1C45AC0C00A64DB1 /* iPhone@2x.png */ = {isa = PBXFileReference; lastKnownFileType = image.png; path = "iPhone@2x.png"; sourceTree = "<group>"; };
		FED49ACE1C45AC0C00A64DB1 /* img3@2x.png */ = {isa = PBXFileReference; lastKnownFileType = image.png; path = "img3@2x.png"; sourceTree = "<group>"; };
		FED49ACF1C45AC0C00A64DB1 /* rightarrow@2x.png */ = {isa = PBXFileReference; lastKnownFileType = image.png; path = "rightarrow@2x.png"; sourceTree = "<group>"; };
		FED49AD01C45AC0C00A64DB1 /* leftarrow@2x.png */ = {isa = PBXFileReference; lastKnownFileType = image.png; path = "leftarrow@2x.png"; sourceTree = "<group>"; };
		FED49AD61C45AC2800A64DB1 /* iPhoneScreen@2x.png */ = {isa = PBXFileReference; lastKnownFileType = image.png; path = "iPhoneScreen@2x.png"; sourceTree = "<group>"; };
		FED49AD71C45AC2800A64DB1 /* cloud1@2x.png */ = {isa = PBXFileReference; lastKnownFileType = image.png; path = "cloud1@2x.png"; sourceTree = "<group>"; };
		FED49AD81C45AC2800A64DB1 /* cloud3@2x.png */ = {isa = PBXFileReference; lastKnownFileType = image.png; path = "cloud3@2x.png"; sourceTree = "<group>"; };
		FED49ADC1C45AC4000A64DB1 /* user1.png */ = {isa = PBXFileReference; lastKnownFileType = image.png; path = user1.png; sourceTree = "<group>"; };
		FED49ADD1C45AC4000A64DB1 /* user2.png */ = {isa = PBXFileReference; lastKnownFileType = image.png; path = user2.png; sourceTree = "<group>"; };
		FED49ADE1C45AC4000A64DB1 /* user3.png */ = {isa = PBXFileReference; lastKnownFileType = image.png; path = user3.png; sourceTree = "<group>"; };
		FED49ADF1C45AC4000A64DB1 /* user4.png */ = {isa = PBXFileReference; lastKnownFileType = image.png; path = user4.png; sourceTree = "<group>"; };
		FED49AE01C45AC4000A64DB1 /* user5.png */ = {isa = PBXFileReference; lastKnownFileType = image.png; path = user5.png; sourceTree = "<group>"; };
		FED49AF11C45ADFA00A64DB1 /* AAShareBubbles.bundle */ = {isa = PBXFileReference; lastKnownFileType = "wrapper.plug-in"; path = AAShareBubbles.bundle; sourceTree = "<group>"; };
		FED49AF21C45ADFA00A64DB1 /* AAShareBubbles.h */ = {isa = PBXFileReference; fileEncoding = 4; lastKnownFileType = sourcecode.c.h; path = AAShareBubbles.h; sourceTree = "<group>"; };
		FED49AF31C45ADFA00A64DB1 /* AAShareBubbles.m */ = {isa = PBXFileReference; fileEncoding = 4; lastKnownFileType = sourcecode.c.objc; path = AAShareBubbles.m; sourceTree = "<group>"; };
		FED49AF61C45B7B900A64DB1 /* capture.png */ = {isa = PBXFileReference; lastKnownFileType = image.png; path = capture.png; sourceTree = "<group>"; };
		FED49AF71C45B7B900A64DB1 /* play.png */ = {isa = PBXFileReference; lastKnownFileType = image.png; path = play.png; sourceTree = "<group>"; };
		FED49AF81C45B7B900A64DB1 /* share.png */ = {isa = PBXFileReference; lastKnownFileType = image.png; path = share.png; sourceTree = "<group>"; };
		FED49AFE1C45D60700A64DB1 /* Bolts.framework */ = {isa = PBXFileReference; lastKnownFileType = wrapper.framework; path = Bolts.framework; sourceTree = "<group>"; };
		FED49AFF1C45D60700A64DB1 /* Parse.framework */ = {isa = PBXFileReference; lastKnownFileType = wrapper.framework; path = Parse.framework; sourceTree = "<group>"; };
		FEDCD3251C51A8B80017530B /* parse.swift */ = {isa = PBXFileReference; fileEncoding = 4; lastKnownFileType = sourcecode.swift; path = parse.swift; sourceTree = "<group>"; };
		FEDCD3281C51B0780017530B /* bgm.mp3 */ = {isa = PBXFileReference; lastKnownFileType = audio.mp3; path = bgm.mp3; sourceTree = "<group>"; };
		FEF0DC231C373D81002BBE67 /* LocalNotification.swift */ = {isa = PBXFileReference; fileEncoding = 4; lastKnownFileType = sourcecode.swift; path = LocalNotification.swift; sourceTree = "<group>"; };
		FEF0DC251C37D3DD002BBE67 /* GenereteGIF.swift */ = {isa = PBXFileReference; fileEncoding = 4; lastKnownFileType = sourcecode.swift; path = GenereteGIF.swift; sourceTree = "<group>"; };
/* End PBXFileReference section */

/* Begin PBXFrameworksBuildPhase section */
		FEA216DA1C28626E008F07F0 /* Frameworks */ = {
			isa = PBXFrameworksBuildPhase;
			buildActionMask = 2147483647;
			files = (
				FED49B041C45D60700A64DB1 /* Bolts.framework in Frameworks */,
				FE97FAD61C3CFA4F00FB01F1 /* libsqlite3.tbd in Frameworks */,
				FE97FACC1C3CFA2300FB01F1 /* libz.tbd in Frameworks */,
				FE9BE88E1C458BFF0068D14C /* SystemConfiguration.framework in Frameworks */,
				FE9BE88C1C458BF70068D14C /* StoreKit.framework in Frameworks */,
				FE9BE88A1C458BEE0068D14C /* Security.framework in Frameworks */,
				FED49B051C45D60700A64DB1 /* Parse.framework in Frameworks */,
				FE9BE8881C458BDF0068D14C /* QuartzCore.framework in Frameworks */,
				FE9BE8861C458BD60068D14C /* CoreLocation.framework in Frameworks */,
				FE9BE8841C458BCB0068D14C /* CoreGraphics.framework in Frameworks */,
				FE9BE8821C458BC10068D14C /* CFNetwork.framework in Frameworks */,
				FE9BE8801C458BB70068D14C /* AudioToolbox.framework in Frameworks */,
				FE97FAD81C3CFA6600FB01F1 /* MessageUI.framework in Frameworks */,
				FE97FAD41C3CFA4900FB01F1 /* AdSupport.framework in Frameworks */,
				FE97FAD21C3CFA4200FB01F1 /* ImageIO.framework in Frameworks */,
				FE97FAD01C3CFA3700FB01F1 /* JavaScriptCore.framework in Frameworks */,
				FE97FACE1C3CFA2A00FB01F1 /* libstdc++.tbd in Frameworks */,
				FE97FACA1C3CFA1A00FB01F1 /* libicucore.tbd in Frameworks */,
				FAF9801AAC291C8780103A68 /* Pods_TimeCapturor.framework in Frameworks */,
				FE97FAC81C3CF9D100FB01F1 /* ShareSDKUI.framework in Frameworks */,
				FE97FAC61C3CF9D100FB01F1 /* ShareSDKExtension.framework in Frameworks */,
				FE97FAC21C3CF9D000FB01F1 /* MOBFoundation.framework in Frameworks */,
				FE97FAC51C3CF9D100FB01F1 /* ShareSDKConnector.framework in Frameworks */,
				FE97FAC41C3CF9D100FB01F1 /* ShareSDK.framework in Frameworks */,
				FE97FAC01C3CF9D000FB01F1 /* libWeChatSDK.a in Frameworks */,
				FE97FABC1C3CF9D000FB01F1 /* TencentOpenAPI.framework in Frameworks */,
			);
			runOnlyForDeploymentPostprocessing = 0;
		};
/* End PBXFrameworksBuildPhase section */

/* Begin PBXGroup section */
		9BE21706FCB162C15F6C90D0 /* Pods */ = {
			isa = PBXGroup;
			children = (
				0B82CAE82098F9942F5A410A /* Pods-TimeCapturor.debug.xcconfig */,
				2DAACF8754B67265522B5A8E /* Pods-TimeCapturor.release.xcconfig */,
			);
			name = Pods;
			sourceTree = "<group>";
		};
		C45D751A51A042B7CD419DA4 /* Frameworks */ = {
			isa = PBXGroup;
			children = (
				FE9BE88D1C458BFF0068D14C /* SystemConfiguration.framework */,
				FE9BE88B1C458BF70068D14C /* StoreKit.framework */,
				FE9BE8891C458BEE0068D14C /* Security.framework */,
				FE9BE8871C458BDF0068D14C /* QuartzCore.framework */,
				FE9BE8851C458BD60068D14C /* CoreLocation.framework */,
				FE9BE8831C458BCB0068D14C /* CoreGraphics.framework */,
				FE9BE8811C458BC10068D14C /* CFNetwork.framework */,
				FE9BE87F1C458BB70068D14C /* AudioToolbox.framework */,
				FE97FAD71C3CFA6600FB01F1 /* MessageUI.framework */,
				FE97FAD51C3CFA4F00FB01F1 /* libsqlite3.tbd */,
				FE97FAD31C3CFA4900FB01F1 /* AdSupport.framework */,
				FE97FAD11C3CFA4200FB01F1 /* ImageIO.framework */,
				FE97FACF1C3CFA3700FB01F1 /* JavaScriptCore.framework */,
				FE97FACD1C3CFA2A00FB01F1 /* libstdc++.tbd */,
				FE97FACB1C3CFA2300FB01F1 /* libz.tbd */,
				FE97FAC91C3CFA1A00FB01F1 /* libicucore.tbd */,
				79A988BEAF777D7974C65D7C /* Pods_TimeCapturor.framework */,
			);
			name = Frameworks;
			sourceTree = "<group>";
		};
		FE0CF3481C30A1A80026CDEB /* MainPage */ = {
			isa = PBXGroup;
			children = (
				FEA216F21C28703B008F07F0 /* CollectionViewCell.swift */,
				FE4D25991C3F8ECA00019C5E /* Walkthrough.storyboard */,
				FEA216E41C28626E008F07F0 /* Main.storyboard */,
				FEA216E21C28626E008F07F0 /* ViewController.swift */,
			);
			name = MainPage;
			sourceTree = "<group>";
		};
		FE0CF3491C30A1C40026CDEB /* ImageManage */ = {
			isa = PBXGroup;
			children = (
				FEA216F41C287052008F07F0 /* NewViewController.swift */,
			);
			name = ImageManage;
			sourceTree = "<group>";
		};
		FE0CF34A1C30A1E30026CDEB /* supportFile */ = {
			isa = PBXGroup;
			children = (
				FEA216E01C28626E008F07F0 /* AppDelegate.swift */,
				FEA216E71C28626E008F07F0 /* Assets.xcassets */,
				FEA216EC1C28626E008F07F0 /* Info.plist */,
				FEA216E91C28626E008F07F0 /* LaunchScreen.storyboard */,
			);
			name = supportFile;
			sourceTree = "<group>";
		};
		FE1181921C36645800FECF8A /* TimePicker */ = {
			isa = PBXGroup;
			children = (
				FE11819A1C3664A800FECF8A /* images */,
				FE1181941C36648B00FECF8A /* Categories.h */,
				FE1181951C36648B00FECF8A /* Categories.m */,
				FE1181961C36648B00FECF8A /* KPTimePicker.h */,
				FE1181971C36648B00FECF8A /* KPTimePicker.m */,
				FE1181931C36648A00FECF8A /* TimeCapturor-Bridging-Header.h */,
				FEF0DC231C373D81002BBE67 /* LocalNotification.swift */,
			);
			name = TimePicker;
			sourceTree = "<group>";
		};
		FE11819A1C3664A800FECF8A /* images */ = {
			isa = PBXGroup;
			children = (
				FE11819B1C3664BB00FECF8A /* checkmark_icon_white.png */,
				FE11819C1C3664BB00FECF8A /* checkmark_icon_white@2x.png */,
				FE11819D1C3664BB00FECF8A /* picker_wheel@2x.png */,
				FE11819E1C3664BB00FECF8A /* picker_wheel_ip4.png */,
				FE11819F1C3664BB00FECF8A /* picker_wheel_ip4@2x.png */,
				FE1181A01C3664BB00FECF8A /* round_backarrow_big-high.png */,
				FE1181A11C3664BB00FECF8A /* round_backarrow_big-high@2x.png */,
				FE1181A21C3664BB00FECF8A /* round_backarrow_big.png */,
				FE1181A31C3664BB00FECF8A /* round_backarrow_big@2x.png */,
				FE1181A41C3664BB00FECF8A /* schedule_image_moon-high.png */,
				FE1181A51C3664BB00FECF8A /* schedule_image_moon-high@2x.png */,
				FE1181A61C3664BB00FECF8A /* schedule_image_sun-high.png */,
				FE1181A71C3664BB00FECF8A /* schedule_image_sun-high@2x.png */,
			);
			name = images;
			sourceTree = "<group>";
		};
		FE397D591C30A3F300C76CBE /* DataModle */ = {
			isa = PBXGroup;
			children = (
				FE56C1C71C2B5F4A00F24B32 /* AlbumData.swift */,
			);
			name = DataModle;
			sourceTree = "<group>";
		};
		FE56C1B81C2B2D1000F24B32 /* camera */ = {
			isa = PBXGroup;
			children = (
				FE4DDE721C29DDF400F7A328 /* XMCCameraViewController.swift */,
				FE4DDE711C29DDF400F7A328 /* XMCCamera.swift */,
			);
			name = camera;
			sourceTree = "<group>";
		};
		FE56C1B91C2B2D3300F24B32 /* generating */ = {
			isa = PBXGroup;
			children = (
				FE397D5A1C30A82200C76CBE /* ProgressViewController.swift */,
				FE0CF3461C2FC7090026CDEB /* GenereteVideo.swift */,
				FEF0DC251C37D3DD002BBE67 /* GenereteGIF.swift */,
				FE1181491C333D5500FECF8A /* SettingViewController.swift */,
				FE56C1BA1C2B2D4500F24B32 /* UIImageExtentGif.swift */,
				FE56C1BC1C2B2D6E00F24B32 /* GIFViewController.swift */,
				FE11814B1C33EEF300FECF8A /* VideoViewController.swift */,
				FE11814D1C34897D00FECF8A /* UIButtonExt.swift */,
			);
			name = generating;
			sourceTree = "<group>";
		};
		FE56C1C41C2B591300F24B32 /* transition */ = {
			isa = PBXGroup;
			children = (
				FE55C22B1C312CC300ADCE6F /* SweetAlert.swift */,
				FE96F3951C39E0760000C70B /* ARNTransitionAnimator.h */,
				FE96F3931C39E0660000C70B /* ARNTransitionAnimator.swift */,
				FE56C1C21C2B4D0400F24B32 /* MagicMovePopTransion.swift */,
				FE56C1C01C2B4A4100F24B32 /* MagicMoveTransion.swift */,
				FE56C1C51C2B599C00F24B32 /* FadeAnimator.swift */,
			);
			name = transition;
			sourceTree = "<group>";
		};
		FE96F38F1C391FDB0000C70B /* CircleButton */ = {
			isa = PBXGroup;
			children = (
				FE96F3901C391FF00000C70B /* DKCircleButton.h */,
				FE96F3911C391FF00000C70B /* DKCircleButton.m */,
			);
			name = CircleButton;
			sourceTree = "<group>";
		};
		FE96F3B61C3BCB270000C70B /* SelfAndInfo */ = {
			isa = PBXGroup;
			children = (
				FE6A2F2E1C3E77B300F76F14 /* selfInfo.swift */,
				FE96F3B91C3BCB5C0000C70B /* InfoViewController.swift */,
				FE24AA2E1C4146CA00F6FE5C /* GuideViewController.swift */,
			);
			name = SelfAndInfo;
			sourceTree = "<group>";
		};
		FE97FA9C1C3CF9D000FB01F1 /* libraries */ = {
			isa = PBXGroup;
			children = (
				FE97FA9D1C3CF9D000FB01F1 /* extends */,
				FE97FAB51C3CF9D000FB01F1 /* MOBFoundation.framework */,
				FE97FAB61C3CF9D000FB01F1 /* ShareSDK.bundle */,
				FE97FAB71C3CF9D000FB01F1 /* ShareSDK.framework */,
				FE97FAB81C3CF9D000FB01F1 /* ShareSDKConnector.framework */,
				FE97FAB91C3CF9D000FB01F1 /* ShareSDKExtension.framework */,
				FE97FABA1C3CF9D000FB01F1 /* ShareSDKUI.bundle */,
				FE97FABB1C3CF9D000FB01F1 /* ShareSDKUI.framework */,
			);
			path = libraries;
			sourceTree = "<group>";
		};
		FE97FA9D1C3CF9D000FB01F1 /* extends */ = {
			isa = PBXGroup;
			children = (
				FE97FA9E1C3CF9D000FB01F1 /* QQSDK */,
				FE97FAAF1C3CF9D000FB01F1 /* WeChatSDK */,
			);
			path = extends;
			sourceTree = "<group>";
		};
		FE97FA9E1C3CF9D000FB01F1 /* QQSDK */ = {
			isa = PBXGroup;
			children = (
				FE97FA9F1C3CF9D000FB01F1 /* TencentOpenAPI.framework */,
				FE97FAA01C3CF9D000FB01F1 /* TencentOpenApi_IOS_Bundle.bundle */,
			);
			path = QQSDK;
			sourceTree = "<group>";
		};
		FE97FAAF1C3CF9D000FB01F1 /* WeChatSDK */ = {
			isa = PBXGroup;
			children = (
				FE97FAB01C3CF9D000FB01F1 /* libWeChatSDK.a */,
				FE97FAB11C3CF9D000FB01F1 /* read_me.txt */,
				FE97FAB21C3CF9D000FB01F1 /* WechatAuthSDK.h */,
				FE97FAB31C3CF9D000FB01F1 /* WXApi.h */,
				FE97FAB41C3CF9D000FB01F1 /* WXApiObject.h */,
			);
			path = WeChatSDK;
			sourceTree = "<group>";
		};
		FE97FB881C3DED6900FB01F1 /* Chart */ = {
			isa = PBXGroup;
			children = (
				FE97FB891C3DEE1C00FB01F1 /* PNBar.swift */,
				FE97FB931C3DF2F100FB01F1 /* PNChartSwift.h */,
				FE97FB8F1C3DEF9700FB01F1 /* PNChartLabel.swift */,
				FE97FB8D1C3DEF0F00FB01F1 /* PNChartDelegate.swift */,
				FE97FB911C3DEFC000FB01F1 /* PNChartConfig.swift */,
				FE97FB8A1C3DEE1C00FB01F1 /* PNBarChart.swift */,
			);
			name = Chart;
			sourceTree = "<group>";
		};
		FEA216D41C28626E008F07F0 = {
			isa = PBXGroup;
			children = (
				FEA216DF1C28626E008F07F0 /* TimeCapturor */,
				FEA216DE1C28626E008F07F0 /* Products */,
				9BE21706FCB162C15F6C90D0 /* Pods */,
				C45D751A51A042B7CD419DA4 /* Frameworks */,
			);
			sourceTree = "<group>";
		};
		FEA216DE1C28626E008F07F0 /* Products */ = {
			isa = PBXGroup;
			children = (
				FEA216DD1C28626E008F07F0 /* TimeCapturor.app */,
			);
			name = Products;
			sourceTree = "<group>";
		};
		FEA216DF1C28626E008F07F0 /* TimeCapturor */ = {
			isa = PBXGroup;
			children = (
				FEDCD3281C51B0780017530B /* bgm.mp3 */,
				FEDCD3271C51A8C10017530B /* Parse */,
				FED49AFD1C45D60700A64DB1 /* parse-library-1.12.0 */,
				FED49AF01C45ADA200A64DB1 /* AAShareBubbles */,
				FED49ACB1C45ABC800A64DB1 /* BWWalkthrough */,
				FE97FB881C3DED6900FB01F1 /* Chart */,
				FE97FA9C1C3CF9D000FB01F1 /* libraries */,
				FE96F3B61C3BCB270000C70B /* SelfAndInfo */,
				FE96F38F1C391FDB0000C70B /* CircleButton */,
				FE1181921C36645800FECF8A /* TimePicker */,
				FE397D591C30A3F300C76CBE /* DataModle */,
				FE0CF34A1C30A1E30026CDEB /* supportFile */,
				FE0CF3491C30A1C40026CDEB /* ImageManage */,
				FE56C1C41C2B591300F24B32 /* transition */,
				FE56C1B91C2B2D3300F24B32 /* generating */,
				FE0CF3481C30A1A80026CDEB /* MainPage */,
				FE56C1B81C2B2D1000F24B32 /* camera */,
			);
			path = TimeCapturor;
			sourceTree = "<group>";
		};
		FED49ACB1C45ABC800A64DB1 /* BWWalkthrough */ = {
			isa = PBXGroup;
			children = (
				FED49AFC1C45B8E600A64DB1 /* icon */,
				FED49AC81C45AB8900A64DB1 /* BWWalkthroughViewController.swift */,
				FED49AC71C45AB8900A64DB1 /* BWWalkthroughPageViewController.swift */,
			);
			name = BWWalkthrough;
			sourceTree = "<group>";
		};
		FED49AF01C45ADA200A64DB1 /* AAShareBubbles */ = {
			isa = PBXGroup;
			children = (
				FED49AF11C45ADFA00A64DB1 /* AAShareBubbles.bundle */,
				FED49AF21C45ADFA00A64DB1 /* AAShareBubbles.h */,
				FED49AF31C45ADFA00A64DB1 /* AAShareBubbles.m */,
			);
			name = AAShareBubbles;
			sourceTree = "<group>";
		};
		FED49AFC1C45B8E600A64DB1 /* icon */ = {
			isa = PBXGroup;
			children = (
				FED49ACC1C45AC0C00A64DB1 /* bg@2x.jpg */,
				FED49AD61C45AC2800A64DB1 /* iPhoneScreen@2x.png */,
				FED49AD71C45AC2800A64DB1 /* cloud1@2x.png */,
				FED49ADC1C45AC4000A64DB1 /* user1.png */,
				FED49ADD1C45AC4000A64DB1 /* user2.png */,
				FED49ADE1C45AC4000A64DB1 /* user3.png */,
				FED49AF61C45B7B900A64DB1 /* capture.png */,
				FED49AF71C45B7B900A64DB1 /* play.png */,
				FED49AF81C45B7B900A64DB1 /* share.png */,
				FED49ADF1C45AC4000A64DB1 /* user4.png */,
				FED49AE01C45AC4000A64DB1 /* user5.png */,
				FED49AD81C45AC2800A64DB1 /* cloud3@2x.png */,
				FED49ACD1C45AC0C00A64DB1 /* iPhone@2x.png */,
				FED49ACE1C45AC0C00A64DB1 /* img3@2x.png */,
				FED49ACF1C45AC0C00A64DB1 /* rightarrow@2x.png */,
				FED49AD01C45AC0C00A64DB1 /* leftarrow@2x.png */,
			);
			name = icon;
			sourceTree = "<group>";
		};
		FED49AFD1C45D60700A64DB1 /* parse-library-1.12.0 */ = {
			isa = PBXGroup;
			children = (
				FED49AFE1C45D60700A64DB1 /* Bolts.framework */,
				FED49AFF1C45D60700A64DB1 /* Parse.framework */,
			);
			path = "parse-library-1.12.0";
			sourceTree = "<group>";
		};
		FEDCD3271C51A8C10017530B /* Parse */ = {
			isa = PBXGroup;
			children = (
				FEDCD3251C51A8B80017530B /* parse.swift */,
			);
			name = Parse;
			sourceTree = "<group>";
		};
/* End PBXGroup section */

/* Begin PBXNativeTarget section */
		FEA216DC1C28626E008F07F0 /* TimeCapturor */ = {
			isa = PBXNativeTarget;
			buildConfigurationList = FEA216EF1C28626E008F07F0 /* Build configuration list for PBXNativeTarget "TimeCapturor" */;
			buildPhases = (
				D461BBBAB0F9B7D884FAEEA4 /* Check Pods Manifest.lock */,
				FEA216D91C28626E008F07F0 /* Sources */,
				FEA216DA1C28626E008F07F0 /* Frameworks */,
				FEA216DB1C28626E008F07F0 /* Resources */,
				42CBF82DCF912CA5DF712B3D /* Embed Pods Frameworks */,
				F828736CBD0A98FC1F81BB04 /* Copy Pods Resources */,
			);
			buildRules = (
			);
			dependencies = (
			);
			name = TimeCapturor;
			productName = TimeCapturor;
			productReference = FEA216DD1C28626E008F07F0 /* TimeCapturor.app */;
			productType = "com.apple.product-type.application";
		};
/* End PBXNativeTarget section */

/* Begin PBXProject section */
		FEA216D51C28626E008F07F0 /* Project object */ = {
			isa = PBXProject;
			attributes = {
				LastSwiftUpdateCheck = 0720;
				LastUpgradeCheck = 0720;
				ORGANIZATIONNAME = TengfeiYang;
				TargetAttributes = {
					FEA216DC1C28626E008F07F0 = {
						CreatedOnToolsVersion = 7.2;
						DevelopmentTeam = NQ89GMM9MB;
					};
				};
			};
			buildConfigurationList = FEA216D81C28626E008F07F0 /* Build configuration list for PBXProject "TimeCapturor" */;
			compatibilityVersion = "Xcode 3.2";
			developmentRegion = English;
			hasScannedForEncodings = 0;
			knownRegions = (
				en,
				Base,
			);
			mainGroup = FEA216D41C28626E008F07F0;
			productRefGroup = FEA216DE1C28626E008F07F0 /* Products */;
			projectDirPath = "";
			projectRoot = "";
			targets = (
				FEA216DC1C28626E008F07F0 /* TimeCapturor */,
			);
		};
/* End PBXProject section */

/* Begin PBXResourcesBuildPhase section */
		FEA216DB1C28626E008F07F0 /* Resources */ = {
			isa = PBXResourcesBuildPhase;
			buildActionMask = 2147483647;
			files = (
				FE1181B31C3664BB00FECF8A /* schedule_image_sun-high.png in Resources */,
				FE1181AA1C3664BB00FECF8A /* picker_wheel@2x.png in Resources */,
				FED49AE51C45AC4000A64DB1 /* user5.png in Resources */,
				FE4D259A1C3F8ECA00019C5E /* Walkthrough.storyboard in Resources */,
				FED49AD11C45AC0C00A64DB1 /* bg@2x.jpg in Resources */,
				FE1181AB1C3664BB00FECF8A /* picker_wheel_ip4.png in Resources */,
				FED49AE41C45AC4000A64DB1 /* user4.png in Resources */,
				FED49AD21C45AC0C00A64DB1 /* iPhone@2x.png in Resources */,
				FE1181AC1C3664BB00FECF8A /* picker_wheel_ip4@2x.png in Resources */,
				FED49AD41C45AC0C00A64DB1 /* rightarrow@2x.png in Resources */,
				FE1181B01C3664BB00FECF8A /* round_backarrow_big@2x.png in Resources */,
				FE1181A81C3664BB00FECF8A /* checkmark_icon_white.png in Resources */,
				FE97FABD1C3CF9D000FB01F1 /* TencentOpenApi_IOS_Bundle.bundle in Resources */,
				FE97FAC71C3CF9D100FB01F1 /* ShareSDKUI.bundle in Resources */,
				FED49AE31C45AC4000A64DB1 /* user3.png in Resources */,
				FEA216EB1C28626E008F07F0 /* LaunchScreen.storyboard in Resources */,
				FED49AE21C45AC4000A64DB1 /* user2.png in Resources */,
				FE1181B11C3664BB00FECF8A /* schedule_image_moon-high.png in Resources */,
				FEDCD3291C51B0780017530B /* bgm.mp3 in Resources */,
				FED49AD31C45AC0C00A64DB1 /* img3@2x.png in Resources */,
				FE97FAC31C3CF9D100FB01F1 /* ShareSDK.bundle in Resources */,
				FE1181AF1C3664BB00FECF8A /* round_backarrow_big.png in Resources */,
				FED49AFA1C45B7B900A64DB1 /* play.png in Resources */,
				FE1181B21C3664BB00FECF8A /* schedule_image_moon-high@2x.png in Resources */,
				FE1181A91C3664BB00FECF8A /* checkmark_icon_white@2x.png in Resources */,
				FED49AD91C45AC2800A64DB1 /* iPhoneScreen@2x.png in Resources */,
				FED49AFB1C45B7B900A64DB1 /* share.png in Resources */,
				FED49AE11C45AC4000A64DB1 /* user1.png in Resources */,
				FEA216E81C28626E008F07F0 /* Assets.xcassets in Resources */,
				FED49AD51C45AC0C00A64DB1 /* leftarrow@2x.png in Resources */,
				FE97FAC11C3CF9D000FB01F1 /* read_me.txt in Resources */,
				FED49ADB1C45AC2800A64DB1 /* cloud3@2x.png in Resources */,
				FE1181B41C3664BB00FECF8A /* schedule_image_sun-high@2x.png in Resources */,
				FED49AF91C45B7B900A64DB1 /* capture.png in Resources */,
				FED49AF41C45ADFA00A64DB1 /* AAShareBubbles.bundle in Resources */,
				FE1181AE1C3664BB00FECF8A /* round_backarrow_big-high@2x.png in Resources */,
				FEA216E61C28626E008F07F0 /* Main.storyboard in Resources */,
				FE1181AD1C3664BB00FECF8A /* round_backarrow_big-high.png in Resources */,
				FED49ADA1C45AC2800A64DB1 /* cloud1@2x.png in Resources */,
			);
			runOnlyForDeploymentPostprocessing = 0;
		};
/* End PBXResourcesBuildPhase section */

/* Begin PBXShellScriptBuildPhase section */
		42CBF82DCF912CA5DF712B3D /* Embed Pods Frameworks */ = {
			isa = PBXShellScriptBuildPhase;
			buildActionMask = 2147483647;
			files = (
			);
			inputPaths = (
			);
			name = "Embed Pods Frameworks";
			outputPaths = (
			);
			runOnlyForDeploymentPostprocessing = 0;
			shellPath = /bin/sh;
			shellScript = "\"${SRCROOT}/Pods/Target Support Files/Pods-TimeCapturor/Pods-TimeCapturor-frameworks.sh\"\n";
			showEnvVarsInLog = 0;
		};
		D461BBBAB0F9B7D884FAEEA4 /* Check Pods Manifest.lock */ = {
			isa = PBXShellScriptBuildPhase;
			buildActionMask = 2147483647;
			files = (
			);
			inputPaths = (
			);
			name = "Check Pods Manifest.lock";
			outputPaths = (
			);
			runOnlyForDeploymentPostprocessing = 0;
			shellPath = /bin/sh;
			shellScript = "diff \"${PODS_ROOT}/../Podfile.lock\" \"${PODS_ROOT}/Manifest.lock\" > /dev/null\nif [[ $? != 0 ]] ; then\n    cat << EOM\nerror: The sandbox is not in sync with the Podfile.lock. Run 'pod install' or update your CocoaPods installation.\nEOM\n    exit 1\nfi\n";
			showEnvVarsInLog = 0;
		};
		F828736CBD0A98FC1F81BB04 /* Copy Pods Resources */ = {
			isa = PBXShellScriptBuildPhase;
			buildActionMask = 2147483647;
			files = (
			);
			inputPaths = (
			);
			name = "Copy Pods Resources";
			outputPaths = (
			);
			runOnlyForDeploymentPostprocessing = 0;
			shellPath = /bin/sh;
			shellScript = "\"${SRCROOT}/Pods/Target Support Files/Pods-TimeCapturor/Pods-TimeCapturor-resources.sh\"\n";
			showEnvVarsInLog = 0;
		};
/* End PBXShellScriptBuildPhase section */

/* Begin PBXSourcesBuildPhase section */
		FEA216D91C28626E008F07F0 /* Sources */ = {
			isa = PBXSourcesBuildPhase;
			buildActionMask = 2147483647;
			files = (
				FE56C1C31C2B4D0400F24B32 /* MagicMovePopTransion.swift in Sources */,
				FE6A2F2F1C3E77B300F76F14 /* selfInfo.swift in Sources */,
				FEA216E31C28626E008F07F0 /* ViewController.swift in Sources */,
				FE4DDE731C29DDF400F7A328 /* XMCCamera.swift in Sources */,
				FE11814A1C333D5500FECF8A /* SettingViewController.swift in Sources */,
				FEDCD3261C51A8B80017530B /* parse.swift in Sources */,
				FE97FB901C3DEF9700FB01F1 /* PNChartLabel.swift in Sources */,
				FED49AF51C45ADFA00A64DB1 /* AAShareBubbles.m in Sources */,
				FED49AC91C45AB8900A64DB1 /* BWWalkthroughPageViewController.swift in Sources */,
				FE397D5B1C30A82200C76CBE /* ProgressViewController.swift in Sources */,
				FE96F3941C39E0660000C70B /* ARNTransitionAnimator.swift in Sources */,
				FE1181991C36648B00FECF8A /* KPTimePicker.m in Sources */,
				FE56C1BB1C2B2D4500F24B32 /* UIImageExtentGif.swift in Sources */,
				FE0CF3471C2FC7090026CDEB /* GenereteVideo.swift in Sources */,
				FE11814E1C34897D00FECF8A /* UIButtonExt.swift in Sources */,
				FE4DDE741C29DDF400F7A328 /* XMCCameraViewController.swift in Sources */,
				FE97FB8B1C3DEE1C00FB01F1 /* PNBar.swift in Sources */,
				FE96F3921C391FF00000C70B /* DKCircleButton.m in Sources */,
				FED49ACA1C45AB8900A64DB1 /* BWWalkthroughViewController.swift in Sources */,
				FE11814C1C33EEF300FECF8A /* VideoViewController.swift in Sources */,
				FEF0DC241C373D82002BBE67 /* LocalNotification.swift in Sources */,
				FE56C1C81C2B5F4A00F24B32 /* AlbumData.swift in Sources */,
				FEA216E11C28626E008F07F0 /* AppDelegate.swift in Sources */,
				FE97FB921C3DEFC000FB01F1 /* PNChartConfig.swift in Sources */,
				FE97FB8E1C3DEF0F00FB01F1 /* PNChartDelegate.swift in Sources */,
				FEA216F31C28703B008F07F0 /* CollectionViewCell.swift in Sources */,
				FE56C1C11C2B4A4100F24B32 /* MagicMoveTransion.swift in Sources */,
				FE55C22C1C312CC300ADCE6F /* SweetAlert.swift in Sources */,
				FE56C1BD1C2B2D6E00F24B32 /* GIFViewController.swift in Sources */,
				FE56C1C61C2B599C00F24B32 /* FadeAnimator.swift in Sources */,
				FE24AA2F1C4146CA00F6FE5C /* GuideViewController.swift in Sources */,
				FE96F3BA1C3BCB5C0000C70B /* InfoViewController.swift in Sources */,
				FEA216F51C287052008F07F0 /* NewViewController.swift in Sources */,
				FEF0DC261C37D3DE002BBE67 /* GenereteGIF.swift in Sources */,
				FE1181981C36648B00FECF8A /* Categories.m in Sources */,
				FE97FB8C1C3DEE1C00FB01F1 /* PNBarChart.swift in Sources */,
			);
			runOnlyForDeploymentPostprocessing = 0;
		};
/* End PBXSourcesBuildPhase section */

/* Begin PBXVariantGroup section */
		FEA216E41C28626E008F07F0 /* Main.storyboard */ = {
			isa = PBXVariantGroup;
			children = (
				FEA216E51C28626E008F07F0 /* Base */,
			);
			name = Main.storyboard;
			sourceTree = "<group>";
		};
		FEA216E91C28626E008F07F0 /* LaunchScreen.storyboard */ = {
			isa = PBXVariantGroup;
			children = (
				FEA216EA1C28626E008F07F0 /* Base */,
			);
			name = LaunchScreen.storyboard;
			sourceTree = "<group>";
		};
/* End PBXVariantGroup section */

/* Begin XCBuildConfiguration section */
		FEA216ED1C28626E008F07F0 /* Debug */ = {
			isa = XCBuildConfiguration;
			buildSettings = {
				ALWAYS_SEARCH_USER_PATHS = NO;
				CLANG_CXX_LANGUAGE_STANDARD = "gnu++0x";
				CLANG_CXX_LIBRARY = "libc++";
				CLANG_ENABLE_MODULES = YES;
				CLANG_ENABLE_OBJC_ARC = YES;
				CLANG_WARN_BOOL_CONVERSION = YES;
				CLANG_WARN_CONSTANT_CONVERSION = YES;
				CLANG_WARN_DIRECT_OBJC_ISA_USAGE = YES_ERROR;
				CLANG_WARN_EMPTY_BODY = YES;
				CLANG_WARN_ENUM_CONVERSION = YES;
				CLANG_WARN_INT_CONVERSION = YES;
				CLANG_WARN_OBJC_ROOT_CLASS = YES_ERROR;
				CLANG_WARN_UNREACHABLE_CODE = YES;
				CLANG_WARN__DUPLICATE_METHOD_MATCH = YES;
				CODE_SIGN_IDENTITY = "iPhone Distribution: Tengfei Yang (NQ89GMM9MB)";
				"CODE_SIGN_IDENTITY[sdk=iphoneos*]" = "iPhone Distribution: Tengfei Yang (NQ89GMM9MB)";
				COPY_PHASE_STRIP = NO;
				DEBUG_INFORMATION_FORMAT = dwarf;
				ENABLE_STRICT_OBJC_MSGSEND = YES;
				ENABLE_TESTABILITY = YES;
				GCC_C_LANGUAGE_STANDARD = gnu99;
				GCC_DYNAMIC_NO_PIC = NO;
				GCC_NO_COMMON_BLOCKS = YES;
				GCC_OPTIMIZATION_LEVEL = 0;
				GCC_PREPROCESSOR_DEFINITIONS = (
					"DEBUG=1",
					"$(inherited)",
				);
				GCC_WARN_64_TO_32_BIT_CONVERSION = YES;
				GCC_WARN_ABOUT_RETURN_TYPE = YES_ERROR;
				GCC_WARN_UNDECLARED_SELECTOR = YES;
				GCC_WARN_UNINITIALIZED_AUTOS = YES_AGGRESSIVE;
				GCC_WARN_UNUSED_FUNCTION = YES;
				GCC_WARN_UNUSED_VARIABLE = YES;
				IPHONEOS_DEPLOYMENT_TARGET = 9.2;
				MTL_ENABLE_DEBUG_INFO = YES;
				ONLY_ACTIVE_ARCH = YES;
				PROVISIONING_PROFILE = "47be8307-4bcd-4517-b326-384a9eb11345";
				SDKROOT = iphoneos;
				SWIFT_OPTIMIZATION_LEVEL = "-Onone";
				TARGETED_DEVICE_FAMILY = "1,2";
			};
			name = Debug;
		};
		FEA216EE1C28626E008F07F0 /* Release */ = {
			isa = XCBuildConfiguration;
			buildSettings = {
				ALWAYS_SEARCH_USER_PATHS = NO;
				CLANG_CXX_LANGUAGE_STANDARD = "gnu++0x";
				CLANG_CXX_LIBRARY = "libc++";
				CLANG_ENABLE_MODULES = YES;
				CLANG_ENABLE_OBJC_ARC = YES;
				CLANG_WARN_BOOL_CONVERSION = YES;
				CLANG_WARN_CONSTANT_CONVERSION = YES;
				CLANG_WARN_DIRECT_OBJC_ISA_USAGE = YES_ERROR;
				CLANG_WARN_EMPTY_BODY = YES;
				CLANG_WARN_ENUM_CONVERSION = YES;
				CLANG_WARN_INT_CONVERSION = YES;
				CLANG_WARN_OBJC_ROOT_CLASS = YES_ERROR;
				CLANG_WARN_UNREACHABLE_CODE = YES;
				CLANG_WARN__DUPLICATE_METHOD_MATCH = YES;
				CODE_SIGN_IDENTITY = "iPhone Distribution: Tengfei Yang (NQ89GMM9MB)";
				"CODE_SIGN_IDENTITY[sdk=iphoneos*]" = "iPhone Distribution: Tengfei Yang (NQ89GMM9MB)";
				COPY_PHASE_STRIP = NO;
				DEBUG_INFORMATION_FORMAT = "dwarf-with-dsym";
				ENABLE_NS_ASSERTIONS = NO;
				ENABLE_STRICT_OBJC_MSGSEND = YES;
				GCC_C_LANGUAGE_STANDARD = gnu99;
				GCC_NO_COMMON_BLOCKS = YES;
				GCC_WARN_64_TO_32_BIT_CONVERSION = YES;
				GCC_WARN_ABOUT_RETURN_TYPE = YES_ERROR;
				GCC_WARN_UNDECLARED_SELECTOR = YES;
				GCC_WARN_UNINITIALIZED_AUTOS = YES_AGGRESSIVE;
				GCC_WARN_UNUSED_FUNCTION = YES;
				GCC_WARN_UNUSED_VARIABLE = YES;
				IPHONEOS_DEPLOYMENT_TARGET = 9.2;
				MTL_ENABLE_DEBUG_INFO = NO;
				PROVISIONING_PROFILE = "47be8307-4bcd-4517-b326-384a9eb11345";
				SDKROOT = iphoneos;
				TARGETED_DEVICE_FAMILY = "1,2";
				VALIDATE_PRODUCT = YES;
			};
			name = Release;
		};
		FEA216F01C28626E008F07F0 /* Debug */ = {
			isa = XCBuildConfiguration;
			baseConfigurationReference = 0B82CAE82098F9942F5A410A /* Pods-TimeCapturor.debug.xcconfig */;
			buildSettings = {
				ASSETCATALOG_COMPILER_APPICON_NAME = AppIcon;
				ASSETCATALOG_COMPILER_LAUNCHIMAGE_NAME = "Brand Assets";
				CLANG_ENABLE_MODULES = YES;
				CODE_SIGN_IDENTITY = "iPhone Developer";
				"CODE_SIGN_IDENTITY[sdk=iphoneos*]" = "iPhone Developer";
				ENABLE_BITCODE = NO;
				FRAMEWORK_SEARCH_PATHS = (
					"$(inherited)",
					"$(PROJECT_DIR)/TimeCapturor/libraries/extends/QQSDK",
					"$(PROJECT_DIR)/TimeCapturor/libraries",
					"$(PROJECT_DIR)/TimeCapturor/parse-library-1.12.0",
				);
				INFOPLIST_FILE = TimeCapturor/Info.plist;
				IPHONEOS_DEPLOYMENT_TARGET = 8.0;
				LD_RUNPATH_SEARCH_PATHS = "$(inherited) @executable_path/Frameworks";
				LIBRARY_SEARCH_PATHS = (
					"$(inherited)",
					"$(PROJECT_DIR)/TimeCapturor/libraries/extends/SinaWeiboSDK",
					"$(PROJECT_DIR)/TimeCapturor/libraries/extends/WeChatSDK",
				);
				OTHER_LDFLAGS = (
					"$(inherited)",
					"-framework",
					"\"EFCircularSlider\"",
					"-framework",
					"\"KVNProgress\"",
					"-framework",
					"\"LLSimpleCamera\"",
					"-framework",
					"\"LiquidFloatingActionButton\"",
					"-framework",
					"\"Spring\"",
					"-framework",
					"\"UCZProgressView\"",
					"-ObjC",
				);
				PRODUCT_BUNDLE_IDENTIFIER = TengfeiYang.TimeCapturor;
				PRODUCT_NAME = "$(TARGET_NAME)";
				PROVISIONING_PROFILE = "";
				SDKROOT = iphoneos;
				SWIFT_OBJC_BRIDGING_HEADER = "TimeCapturor/TimeCapturor-Bridging-Header.h";
				SWIFT_OPTIMIZATION_LEVEL = "-Onone";
				TARGETED_DEVICE_FAMILY = "1,2";
			};
			name = Debug;
		};
		FEA216F11C28626E008F07F0 /* Release */ = {
			isa = XCBuildConfiguration;
			baseConfigurationReference = 2DAACF8754B67265522B5A8E /* Pods-TimeCapturor.release.xcconfig */;
			buildSettings = {
				ASSETCATALOG_COMPILER_APPICON_NAME = AppIcon;
				ASSETCATALOG_COMPILER_LAUNCHIMAGE_NAME = "Brand Assets";
				CLANG_ENABLE_MODULES = YES;
				CODE_SIGN_IDENTITY = "iPhone Developer";
				"CODE_SIGN_IDENTITY[sdk=iphoneos*]" = "iPhone Developer";
				ENABLE_BITCODE = NO;
				FRAMEWORK_SEARCH_PATHS = (
					"$(inherited)",
					"$(PROJECT_DIR)/TimeCapturor/libraries/extends/QQSDK",
					"$(PROJECT_DIR)/TimeCapturor/libraries",
					"$(PROJECT_DIR)/TimeCapturor/parse-library-1.12.0",
				);
				INFOPLIST_FILE = TimeCapturor/Info.plist;
				IPHONEOS_DEPLOYMENT_TARGET = 8.0;
				LD_RUNPATH_SEARCH_PATHS = "$(inherited) @executable_path/Frameworks";
				LIBRARY_SEARCH_PATHS = (
					"$(inherited)",
					"$(PROJECT_DIR)/TimeCapturor/libraries/extends/SinaWeiboSDK",
					"$(PROJECT_DIR)/TimeCapturor/libraries/extends/WeChatSDK",
				);
				OTHER_LDFLAGS = (
					"$(inherited)",
					"-framework",
					"\"EFCircularSlider\"",
					"-framework",
					"\"KVNProgress\"",
					"-framework",
					"\"LLSimpleCamera\"",
					"-framework",
					"\"LiquidFloatingActionButton\"",
					"-framework",
					"\"Spring\"",
					"-framework",
					"\"UCZProgressView\"",
					"-ObjC",
				);
				PRODUCT_BUNDLE_IDENTIFIER = TengfeiYang.TimeCapturor;
				PRODUCT_NAME = "$(TARGET_NAME)";
				PROVISIONING_PROFILE = "";
				SDKROOT = iphoneos;
				SWIFT_OBJC_BRIDGING_HEADER = "TimeCapturor/TimeCapturor-Bridging-Header.h";
				TARGETED_DEVICE_FAMILY = "1,2";
			};
			name = Release;
		};
/* End XCBuildConfiguration section */

/* Begin XCConfigurationList section */
		FEA216D81C28626E008F07F0 /* Build configuration list for PBXProject "TimeCapturor" */ = {
			isa = XCConfigurationList;
			buildConfigurations = (
				FEA216ED1C28626E008F07F0 /* Debug */,
				FEA216EE1C28626E008F07F0 /* Release */,
			);
			defaultConfigurationIsVisible = 0;
			defaultConfigurationName = Release;
		};
		FEA216EF1C28626E008F07F0 /* Build configuration list for PBXNativeTarget "TimeCapturor" */ = {
			isa = XCConfigurationList;
			buildConfigurations = (
				FEA216F01C28626E008F07F0 /* Debug */,
				FEA216F11C28626E008F07F0 /* Release */,
			);
			defaultConfigurationIsVisible = 0;
			defaultConfigurationName = Release;
		};
/* End XCConfigurationList section */
	};
	rootObject = FEA216D51C28626E008F07F0 /* Project object */;
}
